// !$*UTF8*$!
{
	archiveVersion = 1;
	classes = {
	};
	objectVersion = 50;
	objects = {

/* Begin PBXBuildFile section */
		459911BA22A50981003EBD21 /* APCUserEnvironmentSupportObject.m in Sources */ = {isa = PBXBuildFile; fileRef = 4599117122A50981003EBD21 /* APCUserEnvironmentSupportObject.m */; };
		459911BB22A50981003EBD21 /* NSString+APCExtension.m in Sources */ = {isa = PBXBuildFile; fileRef = 4599117522A50981003EBD21 /* NSString+APCExtension.m */; };
		459911BC22A50981003EBD21 /* NSObject+APCExtension.m in Sources */ = {isa = PBXBuildFile; fileRef = 4599117622A50981003EBD21 /* NSObject+APCExtension.m */; };
		459911BD22A50981003EBD21 /* APCProperty.m in Sources */ = {isa = PBXBuildFile; fileRef = 4599117922A50981003EBD21 /* APCProperty.m */; };
		459911BE22A50981003EBD21 /* APCTriggerGetterProperty.m in Sources */ = {isa = PBXBuildFile; fileRef = 4599117A22A50981003EBD21 /* APCTriggerGetterProperty.m */; };
		459911BF22A50981003EBD21 /* APCLazyProperty.m in Sources */ = {isa = PBXBuildFile; fileRef = 4599117B22A50981003EBD21 /* APCLazyProperty.m */; };
		459911C022A50981003EBD21 /* APCTriggerSetterProperty.m in Sources */ = {isa = PBXBuildFile; fileRef = 4599117D22A50981003EBD21 /* APCTriggerSetterProperty.m */; };
		459911C122A50981003EBD21 /* APCHookProperty.m in Sources */ = {isa = PBXBuildFile; fileRef = 4599117F22A50981003EBD21 /* APCHookProperty.m */; };
		459911C222A50981003EBD21 /* NSObject+APCLazyLoad.m in Sources */ = {isa = PBXBuildFile; fileRef = 4599118322A50981003EBD21 /* NSObject+APCLazyLoad.m */; };
		459911C322A50981003EBD21 /* APCClassInheritanceTree.m in Sources */ = {isa = PBXBuildFile; fileRef = 4599118822A50981003EBD21 /* APCClassInheritanceTree.m */; };
		459911C422A50981003EBD21 /* APCClassInheritanceNode.m in Sources */ = {isa = PBXBuildFile; fileRef = 4599118922A50981003EBD21 /* APCClassInheritanceNode.m */; };
		459911C522A50981003EBD21 /* APCStringkeyString.m in Sources */ = {isa = PBXBuildFile; fileRef = 4599118B22A50981003EBD21 /* APCStringkeyString.m */; };
		459911C622A50981003EBD21 /* APCClassMapper.m in Sources */ = {isa = PBXBuildFile; fileRef = 4599118C22A50981003EBD21 /* APCClassMapper.m */; };
		459911C722A50981003EBD21 /* APCMultipleStringkeyString.m in Sources */ = {isa = PBXBuildFile; fileRef = 4599119222A50981003EBD21 /* APCMultipleStringkeyString.m */; };
		459911C822A50981003EBD21 /* APCMutableStringkeyString.m in Sources */ = {isa = PBXBuildFile; fileRef = 4599119322A50981003EBD21 /* APCMutableStringkeyString.m */; };
		459911C922A50981003EBD21 /* APCSingleStringkeyString.m in Sources */ = {isa = PBXBuildFile; fileRef = 4599119422A50981003EBD21 /* APCSingleStringkeyString.m */; };
		459911CA22A50981003EBD21 /* APCObjectLock.mm in Sources */ = {isa = PBXBuildFile; fileRef = 4599119722A50981003EBD21 /* APCObjectLock.mm */; };
		459911CB22A50981003EBD21 /* APCStringkey.m in Sources */ = {isa = PBXBuildFile; fileRef = 4599119B22A50981003EBD21 /* APCStringkey.m */; };
		459911CC22A50981003EBD21 /* APCProxyInstanceDisposer.m in Sources */ = {isa = PBXBuildFile; fileRef = 4599119D22A50981003EBD21 /* APCProxyInstanceDisposer.m */; };
		459911CD22A50981003EBD21 /* APCStringStringDictionary.m in Sources */ = {isa = PBXBuildFile; fileRef = 4599119E22A50981003EBD21 /* APCStringStringDictionary.m */; };
		459911CE22A50981003EBD21 /* APCRuntime.mm in Sources */ = {isa = PBXBuildFile; fileRef = 4599119F22A50981003EBD21 /* APCRuntime.mm */; };
		459911CF22A50981003EBD21 /* NSObject+APCTriggerProperty.m in Sources */ = {isa = PBXBuildFile; fileRef = 459911A222A50981003EBD21 /* NSObject+APCTriggerProperty.m */; };
		459911D022A50981003EBD21 /* APCMethodHook.m in Sources */ = {isa = PBXBuildFile; fileRef = 459911A622A50981003EBD21 /* APCMethodHook.m */; };
		459911D122A50981003EBD21 /* APCPropertyHook.m in Sources */ = {isa = PBXBuildFile; fileRef = 459911A722A50981003EBD21 /* APCPropertyHook.m */; };
		459911D222A50981003EBD21 /* apc-objc-extension.mm in Sources */ = {isa = PBXBuildFile; fileRef = 459911AB22A50981003EBD21 /* apc-objc-extension.mm */; };
		459911D322A50981003EBD21 /* apc-fishhook.c in Sources */ = {isa = PBXBuildFile; fileRef = 459911AD22A50981003EBD21 /* apc-fishhook.c */; };
		459911D422A50981003EBD21 /* apc-objc-runtimelock.mm in Sources */ = {isa = PBXBuildFile; fileRef = 459911B122A50981003EBD21 /* apc-objc-runtimelock.mm */; };
		459911D522A50981003EBD21 /* APCScope.m in Sources */ = {isa = PBXBuildFile; fileRef = 459911B322A50981003EBD21 /* APCScope.m */; };
		459911D622A50981003EBD21 /* APCMethod.m in Sources */ = {isa = PBXBuildFile; fileRef = 459911B922A50981003EBD21 /* APCMethod.m */; };
		45B12F82225B2C06002D825E /* AppDelegate.m in Sources */ = {isa = PBXBuildFile; fileRef = 45B12F81225B2C06002D825E /* AppDelegate.m */; };
		45B12F84225B2C07002D825E /* Assets.xcassets in Resources */ = {isa = PBXBuildFile; fileRef = 45B12F83225B2C07002D825E /* Assets.xcassets */; };
		45B12F87225B2C07002D825E /* MainMenu.xib in Resources */ = {isa = PBXBuildFile; fileRef = 45B12F85225B2C07002D825E /* MainMenu.xib */; };
		45B12F8A225B2C07002D825E /* main.m in Sources */ = {isa = PBXBuildFile; fileRef = 45B12F89225B2C07002D825E /* main.m */; };
		45B12FEB225B2C9B002D825E /* Man.m in Sources */ = {isa = PBXBuildFile; fileRef = 45B12FDD225B2C9B002D825E /* Man.m */; };
		45B12FEC225B2C9B002D825E /* Person.m in Sources */ = {isa = PBXBuildFile; fileRef = 45B12FDF225B2C9B002D825E /* Person.m */; };
		45E1CE02228BF3DE00DCD3F0 /* Superman.m in Sources */ = {isa = PBXBuildFile; fileRef = 45E1CDFF228BF3DE00DCD3F0 /* Superman.m */; };
		45E1CE03228BF3DE00DCD3F0 /* APCTest.m in Sources */ = {isa = PBXBuildFile; fileRef = 45E1CE00228BF3DE00DCD3F0 /* APCTest.m */; };
/* End PBXBuildFile section */

/* Begin PBXFileReference section */
		4599117122A50981003EBD21 /* APCUserEnvironmentSupportObject.m */ = {isa = PBXFileReference; fileEncoding = 4; lastKnownFileType = sourcecode.c.objc; path = APCUserEnvironmentSupportObject.m; sourceTree = "<group>"; };
		4599117322A50981003EBD21 /* NSString+APCExtension.h */ = {isa = PBXFileReference; fileEncoding = 4; lastKnownFileType = sourcecode.c.h; path = "NSString+APCExtension.h"; sourceTree = "<group>"; };
		4599117422A50981003EBD21 /* NSObject+APCExtension.h */ = {isa = PBXFileReference; fileEncoding = 4; lastKnownFileType = sourcecode.c.h; path = "NSObject+APCExtension.h"; sourceTree = "<group>"; };
		4599117522A50981003EBD21 /* NSString+APCExtension.m */ = {isa = PBXFileReference; fileEncoding = 4; lastKnownFileType = sourcecode.c.objc; path = "NSString+APCExtension.m"; sourceTree = "<group>"; };
		4599117622A50981003EBD21 /* NSObject+APCExtension.m */ = {isa = PBXFileReference; fileEncoding = 4; lastKnownFileType = sourcecode.c.objc; path = "NSObject+APCExtension.m"; sourceTree = "<group>"; };
		4599117822A50981003EBD21 /* APCTriggerSetterProperty.h */ = {isa = PBXFileReference; fileEncoding = 4; lastKnownFileType = sourcecode.c.h; path = APCTriggerSetterProperty.h; sourceTree = "<group>"; };
		4599117922A50981003EBD21 /* APCProperty.m */ = {isa = PBXFileReference; fileEncoding = 4; lastKnownFileType = sourcecode.c.objc; path = APCProperty.m; sourceTree = "<group>"; };
		4599117A22A50981003EBD21 /* APCTriggerGetterProperty.m */ = {isa = PBXFileReference; fileEncoding = 4; lastKnownFileType = sourcecode.c.objc; path = APCTriggerGetterProperty.m; sourceTree = "<group>"; };
		4599117B22A50981003EBD21 /* APCLazyProperty.m */ = {isa = PBXFileReference; fileEncoding = 4; lastKnownFileType = sourcecode.c.objc; path = APCLazyProperty.m; sourceTree = "<group>"; };
		4599117C22A50981003EBD21 /* APCHookProperty.h */ = {isa = PBXFileReference; fileEncoding = 4; lastKnownFileType = sourcecode.c.h; path = APCHookProperty.h; sourceTree = "<group>"; };
		4599117D22A50981003EBD21 /* APCTriggerSetterProperty.m */ = {isa = PBXFileReference; fileEncoding = 4; lastKnownFileType = sourcecode.c.objc; path = APCTriggerSetterProperty.m; sourceTree = "<group>"; };
		4599117E22A50981003EBD21 /* APCProperty.h */ = {isa = PBXFileReference; fileEncoding = 4; lastKnownFileType = sourcecode.c.h; path = APCProperty.h; sourceTree = "<group>"; };
		4599117F22A50981003EBD21 /* APCHookProperty.m */ = {isa = PBXFileReference; fileEncoding = 4; lastKnownFileType = sourcecode.c.objc; path = APCHookProperty.m; sourceTree = "<group>"; };
		4599118022A50981003EBD21 /* APCLazyProperty.h */ = {isa = PBXFileReference; fileEncoding = 4; lastKnownFileType = sourcecode.c.h; path = APCLazyProperty.h; sourceTree = "<group>"; };
		4599118122A50981003EBD21 /* APCTriggerGetterProperty.h */ = {isa = PBXFileReference; fileEncoding = 4; lastKnownFileType = sourcecode.c.h; path = APCTriggerGetterProperty.h; sourceTree = "<group>"; };
		4599118222A50981003EBD21 /* NSObject+APCTriggerProperty.h */ = {isa = PBXFileReference; fileEncoding = 4; lastKnownFileType = sourcecode.c.h; path = "NSObject+APCTriggerProperty.h"; sourceTree = "<group>"; };
		4599118322A50981003EBD21 /* NSObject+APCLazyLoad.m */ = {isa = PBXFileReference; fileEncoding = 4; lastKnownFileType = sourcecode.c.objc; path = "NSObject+APCLazyLoad.m"; sourceTree = "<group>"; };
		4599118422A50981003EBD21 /* AutoPropertyCocoa.h */ = {isa = PBXFileReference; fileEncoding = 4; lastKnownFileType = sourcecode.c.h; path = AutoPropertyCocoa.h; sourceTree = "<group>"; };
		4599118522A50981003EBD21 /* APCUserEnvironmentSupportObject.h */ = {isa = PBXFileReference; fileEncoding = 4; lastKnownFileType = sourcecode.c.h; path = APCUserEnvironmentSupportObject.h; sourceTree = "<group>"; };
		4599118622A50981003EBD21 /* APCRuntime.h */ = {isa = PBXFileReference; fileEncoding = 4; lastKnownFileType = sourcecode.c.h; path = APCRuntime.h; sourceTree = "<group>"; };
		4599118822A50981003EBD21 /* APCClassInheritanceTree.m */ = {isa = PBXFileReference; fileEncoding = 4; lastKnownFileType = sourcecode.c.objc; path = APCClassInheritanceTree.m; sourceTree = "<group>"; };
		4599118922A50981003EBD21 /* APCClassInheritanceNode.m */ = {isa = PBXFileReference; fileEncoding = 4; lastKnownFileType = sourcecode.c.objc; path = APCClassInheritanceNode.m; sourceTree = "<group>"; };
		4599118A22A50981003EBD21 /* APCObjectLock.h */ = {isa = PBXFileReference; fileEncoding = 4; lastKnownFileType = sourcecode.c.h; path = APCObjectLock.h; sourceTree = "<group>"; };
		4599118B22A50981003EBD21 /* APCStringkeyString.m */ = {isa = PBXFileReference; fileEncoding = 4; lastKnownFileType = sourcecode.c.objc; path = APCStringkeyString.m; sourceTree = "<group>"; };
		4599118C22A50981003EBD21 /* APCClassMapper.m */ = {isa = PBXFileReference; fileEncoding = 4; lastKnownFileType = sourcecode.c.objc; path = APCClassMapper.m; sourceTree = "<group>"; };
		4599118D22A50981003EBD21 /* APCStringkey.h */ = {isa = PBXFileReference; fileEncoding = 4; lastKnownFileType = sourcecode.c.h; path = APCStringkey.h; sourceTree = "<group>"; };
		4599118F22A50981003EBD21 /* APCMultipleStringkeyString.h */ = {isa = PBXFileReference; fileEncoding = 4; lastKnownFileType = sourcecode.c.h; path = APCMultipleStringkeyString.h; sourceTree = "<group>"; };
		4599119022A50981003EBD21 /* APCSingleStringkeyString.h */ = {isa = PBXFileReference; fileEncoding = 4; lastKnownFileType = sourcecode.c.h; path = APCSingleStringkeyString.h; sourceTree = "<group>"; };
		4599119122A50981003EBD21 /* APCMutableStringkeyString.h */ = {isa = PBXFileReference; fileEncoding = 4; lastKnownFileType = sourcecode.c.h; path = APCMutableStringkeyString.h; sourceTree = "<group>"; };
		4599119222A50981003EBD21 /* APCMultipleStringkeyString.m */ = {isa = PBXFileReference; fileEncoding = 4; lastKnownFileType = sourcecode.c.objc; path = APCMultipleStringkeyString.m; sourceTree = "<group>"; };
		4599119322A50981003EBD21 /* APCMutableStringkeyString.m */ = {isa = PBXFileReference; fileEncoding = 4; lastKnownFileType = sourcecode.c.objc; path = APCMutableStringkeyString.m; sourceTree = "<group>"; };
		4599119422A50981003EBD21 /* APCSingleStringkeyString.m */ = {isa = PBXFileReference; fileEncoding = 4; lastKnownFileType = sourcecode.c.objc; path = APCSingleStringkeyString.m; sourceTree = "<group>"; };
		4599119522A50981003EBD21 /* APCStringStringDictionary.h */ = {isa = PBXFileReference; fileEncoding = 4; lastKnownFileType = sourcecode.c.h; path = APCStringStringDictionary.h; sourceTree = "<group>"; };
		4599119622A50981003EBD21 /* APCProxyInstanceDisposer.h */ = {isa = PBXFileReference; fileEncoding = 4; lastKnownFileType = sourcecode.c.h; path = APCProxyInstanceDisposer.h; sourceTree = "<group>"; };
		4599119722A50981003EBD21 /* APCObjectLock.mm */ = {isa = PBXFileReference; fileEncoding = 4; lastKnownFileType = sourcecode.cpp.objcpp; path = APCObjectLock.mm; sourceTree = "<group>"; };
		4599119822A50981003EBD21 /* APCClassInheritanceNode.h */ = {isa = PBXFileReference; fileEncoding = 4; lastKnownFileType = sourcecode.c.h; path = APCClassInheritanceNode.h; sourceTree = "<group>"; };
		4599119922A50981003EBD21 /* APCClassInheritanceTree.h */ = {isa = PBXFileReference; fileEncoding = 4; lastKnownFileType = sourcecode.c.h; path = APCClassInheritanceTree.h; sourceTree = "<group>"; };
		4599119A22A50981003EBD21 /* APCClassMapper.h */ = {isa = PBXFileReference; fileEncoding = 4; lastKnownFileType = sourcecode.c.h; path = APCClassMapper.h; sourceTree = "<group>"; };
		4599119B22A50981003EBD21 /* APCStringkey.m */ = {isa = PBXFileReference; fileEncoding = 4; lastKnownFileType = sourcecode.c.objc; path = APCStringkey.m; sourceTree = "<group>"; };
		4599119C22A50981003EBD21 /* APCStringkeyString.h */ = {isa = PBXFileReference; fileEncoding = 4; lastKnownFileType = sourcecode.c.h; path = APCStringkeyString.h; sourceTree = "<group>"; };
		4599119D22A50981003EBD21 /* APCProxyInstanceDisposer.m */ = {isa = PBXFileReference; fileEncoding = 4; lastKnownFileType = sourcecode.c.objc; path = APCProxyInstanceDisposer.m; sourceTree = "<group>"; };
		4599119E22A50981003EBD21 /* APCStringStringDictionary.m */ = {isa = PBXFileReference; fileEncoding = 4; lastKnownFileType = sourcecode.c.objc; path = APCStringStringDictionary.m; sourceTree = "<group>"; };
		4599119F22A50981003EBD21 /* APCRuntime.mm */ = {isa = PBXFileReference; fileEncoding = 4; lastKnownFileType = sourcecode.cpp.objcpp; path = APCRuntime.mm; sourceTree = "<group>"; };
		459911A022A50981003EBD21 /* NSObject+APCLazyLoad.h */ = {isa = PBXFileReference; fileEncoding = 4; lastKnownFileType = sourcecode.c.h; path = "NSObject+APCLazyLoad.h"; sourceTree = "<group>"; };
		459911A122A50981003EBD21 /* APCExtScope.h */ = {isa = PBXFileReference; fileEncoding = 4; lastKnownFileType = sourcecode.c.h; path = APCExtScope.h; sourceTree = "<group>"; };
		459911A222A50981003EBD21 /* NSObject+APCTriggerProperty.m */ = {isa = PBXFileReference; fileEncoding = 4; lastKnownFileType = sourcecode.c.objc; path = "NSObject+APCTriggerProperty.m"; sourceTree = "<group>"; };
		459911A422A50981003EBD21 /* APCMethodHook.h */ = {isa = PBXFileReference; fileEncoding = 4; lastKnownFileType = sourcecode.c.h; path = APCMethodHook.h; sourceTree = "<group>"; };
		459911A522A50981003EBD21 /* APCPropertyHook.h */ = {isa = PBXFileReference; fileEncoding = 4; lastKnownFileType = sourcecode.c.h; path = APCPropertyHook.h; sourceTree = "<group>"; };
		459911A622A50981003EBD21 /* APCMethodHook.m */ = {isa = PBXFileReference; fileEncoding = 4; lastKnownFileType = sourcecode.c.objc; path = APCMethodHook.m; sourceTree = "<group>"; };
		459911A722A50981003EBD21 /* APCPropertyHook.m */ = {isa = PBXFileReference; fileEncoding = 4; lastKnownFileType = sourcecode.c.objc; path = APCPropertyHook.m; sourceTree = "<group>"; };
		459911A922A50981003EBD21 /* apc-objc-config.h */ = {isa = PBXFileReference; fileEncoding = 4; lastKnownFileType = sourcecode.c.h; path = "apc-objc-config.h"; sourceTree = "<group>"; };
		459911AA22A50981003EBD21 /* apc-objc-locker.h */ = {isa = PBXFileReference; fileEncoding = 4; lastKnownFileType = sourcecode.c.h; path = "apc-objc-locker.h"; sourceTree = "<group>"; };
		459911AB22A50981003EBD21 /* apc-objc-extension.mm */ = {isa = PBXFileReference; fileEncoding = 4; lastKnownFileType = sourcecode.cpp.objcpp; path = "apc-objc-extension.mm"; sourceTree = "<group>"; };
		459911AD22A50981003EBD21 /* apc-fishhook.c */ = {isa = PBXFileReference; fileEncoding = 4; lastKnownFileType = sourcecode.c.c; path = "apc-fishhook.c"; sourceTree = "<group>"; };
		459911AE22A50981003EBD21 /* apc-fishhook.h */ = {isa = PBXFileReference; fileEncoding = 4; lastKnownFileType = sourcecode.c.h; path = "apc-fishhook.h"; sourceTree = "<group>"; };
		459911AF22A50981003EBD21 /* apc-objc-runtimelock.h */ = {isa = PBXFileReference; fileEncoding = 4; lastKnownFileType = sourcecode.c.h; path = "apc-objc-runtimelock.h"; sourceTree = "<group>"; };
		459911B022A50981003EBD21 /* apc-objc-extension.h */ = {isa = PBXFileReference; fileEncoding = 4; lastKnownFileType = sourcecode.c.h; path = "apc-objc-extension.h"; sourceTree = "<group>"; };
		459911B122A50981003EBD21 /* apc-objc-runtimelock.mm */ = {isa = PBXFileReference; fileEncoding = 4; lastKnownFileType = sourcecode.cpp.objcpp; path = "apc-objc-runtimelock.mm"; sourceTree = "<group>"; };
		459911B322A50981003EBD21 /* APCScope.m */ = {isa = PBXFileReference; fileEncoding = 4; lastKnownFileType = sourcecode.c.objc; path = APCScope.m; sourceTree = "<group>"; };
		459911B422A50981003EBD21 /* APCTypeEncodings.h */ = {isa = PBXFileReference; fileEncoding = 4; lastKnownFileType = sourcecode.c.h; path = APCTypeEncodings.h; sourceTree = "<group>"; };
		459911B522A50981003EBD21 /* APCBasicValueVersionScope.h */ = {isa = PBXFileReference; fileEncoding = 4; lastKnownFileType = sourcecode.c.h; path = APCBasicValueVersionScope.h; sourceTree = "<group>"; };
		459911B622A50981003EBD21 /* APCScope.h */ = {isa = PBXFileReference; fileEncoding = 4; lastKnownFileType = sourcecode.c.h; path = APCScope.h; sourceTree = "<group>"; };
		459911B822A50981003EBD21 /* APCMethod.h */ = {isa = PBXFileReference; fileEncoding = 4; lastKnownFileType = sourcecode.c.h; path = APCMethod.h; sourceTree = "<group>"; };
		459911B922A50981003EBD21 /* APCMethod.m */ = {isa = PBXFileReference; fileEncoding = 4; lastKnownFileType = sourcecode.c.objc; path = APCMethod.m; sourceTree = "<group>"; };
		45B12F7D225B2C06002D825E /* AutoPropertyCocoaMacOS.app */ = {isa = PBXFileReference; explicitFileType = wrapper.application; includeInIndex = 0; path = AutoPropertyCocoaMacOS.app; sourceTree = BUILT_PRODUCTS_DIR; };
		45B12F80225B2C06002D825E /* AppDelegate.h */ = {isa = PBXFileReference; lastKnownFileType = sourcecode.c.h; path = AppDelegate.h; sourceTree = "<group>"; };
		45B12F81225B2C06002D825E /* AppDelegate.m */ = {isa = PBXFileReference; lastKnownFileType = sourcecode.c.objc; path = AppDelegate.m; sourceTree = "<group>"; };
		45B12F83225B2C07002D825E /* Assets.xcassets */ = {isa = PBXFileReference; lastKnownFileType = folder.assetcatalog; path = Assets.xcassets; sourceTree = "<group>"; };
		45B12F86225B2C07002D825E /* Base */ = {isa = PBXFileReference; lastKnownFileType = file.xib; name = Base; path = Base.lproj/MainMenu.xib; sourceTree = "<group>"; };
		45B12F88225B2C07002D825E /* Info.plist */ = {isa = PBXFileReference; lastKnownFileType = text.plist.xml; path = Info.plist; sourceTree = "<group>"; };
		45B12F89225B2C07002D825E /* main.m */ = {isa = PBXFileReference; lastKnownFileType = sourcecode.c.objc; path = main.m; sourceTree = "<group>"; };
		45B12F8B225B2C07002D825E /* AutoPropertyCocoaMacOS.entitlements */ = {isa = PBXFileReference; lastKnownFileType = text.plist.entitlements; path = AutoPropertyCocoaMacOS.entitlements; sourceTree = "<group>"; };
		45B12FDC225B2C9B002D825E /* Person.h */ = {isa = PBXFileReference; fileEncoding = 4; lastKnownFileType = sourcecode.c.h; path = Person.h; sourceTree = "<group>"; };
		45B12FDD225B2C9B002D825E /* Man.m */ = {isa = PBXFileReference; fileEncoding = 4; lastKnownFileType = sourcecode.c.objc; path = Man.m; sourceTree = "<group>"; };
		45B12FDE225B2C9B002D825E /* Man.h */ = {isa = PBXFileReference; fileEncoding = 4; lastKnownFileType = sourcecode.c.h; path = Man.h; sourceTree = "<group>"; };
		45B12FDF225B2C9B002D825E /* Person.m */ = {isa = PBXFileReference; fileEncoding = 4; lastKnownFileType = sourcecode.c.objc; path = Person.m; sourceTree = "<group>"; };
		45E1CDFE228BF3DE00DCD3F0 /* Superman.h */ = {isa = PBXFileReference; fileEncoding = 4; lastKnownFileType = sourcecode.c.h; path = Superman.h; sourceTree = "<group>"; };
		45E1CDFF228BF3DE00DCD3F0 /* Superman.m */ = {isa = PBXFileReference; fileEncoding = 4; lastKnownFileType = sourcecode.c.objc; path = Superman.m; sourceTree = "<group>"; };
		45E1CE00228BF3DE00DCD3F0 /* APCTest.m */ = {isa = PBXFileReference; fileEncoding = 4; lastKnownFileType = sourcecode.c.objc; path = APCTest.m; sourceTree = "<group>"; };
		45E1CE01228BF3DE00DCD3F0 /* APCTest.h */ = {isa = PBXFileReference; fileEncoding = 4; lastKnownFileType = sourcecode.c.h; path = APCTest.h; sourceTree = "<group>"; };
/* End PBXFileReference section */

/* Begin PBXFrameworksBuildPhase section */
		45B12F7A225B2C06002D825E /* Frameworks */ = {
			isa = PBXFrameworksBuildPhase;
			buildActionMask = 2147483647;
			files = (
			);
			runOnlyForDeploymentPostprocessing = 0;
		};
/* End PBXFrameworksBuildPhase section */

/* Begin PBXGroup section */
		4599117022A50981003EBD21 /* AutoPropertyCocoa */ = {
			isa = PBXGroup;
			children = (
				4599118422A50981003EBD21 /* AutoPropertyCocoa.h */,
				459911A122A50981003EBD21 /* APCExtScope.h */,
				4599118622A50981003EBD21 /* APCRuntime.h */,
				4599119F22A50981003EBD21 /* APCRuntime.mm */,
				4599118522A50981003EBD21 /* APCUserEnvironmentSupportObject.h */,
				4599117122A50981003EBD21 /* APCUserEnvironmentSupportObject.m */,
				459911A022A50981003EBD21 /* NSObject+APCLazyLoad.h */,
				4599118322A50981003EBD21 /* NSObject+APCLazyLoad.m */,
				4599118222A50981003EBD21 /* NSObject+APCTriggerProperty.h */,
				459911A222A50981003EBD21 /* NSObject+APCTriggerProperty.m */,
				4599118722A50981003EBD21 /* APCRuntimeObject */,
				459911B222A50981003EBD21 /* APCScope */,
				4599117222A50981003EBD21 /* Category */,
				459911A322A50981003EBD21 /* Hook */,
				459911B722A50981003EBD21 /* Method */,
				4599117722A50981003EBD21 /* Property */,
			);
			name = AutoPropertyCocoa;
			path = ../../AutoPropertyCocoa;
			sourceTree = "<group>";
		};
		4599117222A50981003EBD21 /* Category */ = {
			isa = PBXGroup;
			children = (
				4599117422A50981003EBD21 /* NSObject+APCExtension.h */,
				4599117622A50981003EBD21 /* NSObject+APCExtension.m */,
				4599117322A50981003EBD21 /* NSString+APCExtension.h */,
				4599117522A50981003EBD21 /* NSString+APCExtension.m */,
			);
			path = Category;
			sourceTree = "<group>";
		};
		4599117722A50981003EBD21 /* Property */ = {
			isa = PBXGroup;
			children = (
				4599117C22A50981003EBD21 /* APCHookProperty.h */,
				4599117F22A50981003EBD21 /* APCHookProperty.m */,
				4599118022A50981003EBD21 /* APCLazyProperty.h */,
				4599117B22A50981003EBD21 /* APCLazyProperty.m */,
				4599117E22A50981003EBD21 /* APCProperty.h */,
				4599117922A50981003EBD21 /* APCProperty.m */,
				4599118122A50981003EBD21 /* APCTriggerGetterProperty.h */,
				4599117A22A50981003EBD21 /* APCTriggerGetterProperty.m */,
				4599117822A50981003EBD21 /* APCTriggerSetterProperty.h */,
				4599117D22A50981003EBD21 /* APCTriggerSetterProperty.m */,
			);
			path = Property;
			sourceTree = "<group>";
		};
		4599118722A50981003EBD21 /* APCRuntimeObject */ = {
			isa = PBXGroup;
			children = (
				4599119822A50981003EBD21 /* APCClassInheritanceNode.h */,
				4599118922A50981003EBD21 /* APCClassInheritanceNode.m */,
				4599119922A50981003EBD21 /* APCClassInheritanceTree.h */,
				4599118822A50981003EBD21 /* APCClassInheritanceTree.m */,
				4599119A22A50981003EBD21 /* APCClassMapper.h */,
				4599118C22A50981003EBD21 /* APCClassMapper.m */,
				4599118A22A50981003EBD21 /* APCObjectLock.h */,
				4599119722A50981003EBD21 /* APCObjectLock.mm */,
				4599119622A50981003EBD21 /* APCProxyInstanceDisposer.h */,
				4599119D22A50981003EBD21 /* APCProxyInstanceDisposer.m */,
				4599118D22A50981003EBD21 /* APCStringkey.h */,
				4599119B22A50981003EBD21 /* APCStringkey.m */,
				4599119C22A50981003EBD21 /* APCStringkeyString.h */,
				4599118B22A50981003EBD21 /* APCStringkeyString.m */,
				4599119522A50981003EBD21 /* APCStringStringDictionary.h */,
				4599119E22A50981003EBD21 /* APCStringStringDictionary.m */,
				4599118E22A50981003EBD21 /* APCStringkeyStringCluster */,
			);
			path = APCRuntimeObject;
			sourceTree = "<group>";
		};
		4599118E22A50981003EBD21 /* APCStringkeyStringCluster */ = {
			isa = PBXGroup;
			children = (
				4599118F22A50981003EBD21 /* APCMultipleStringkeyString.h */,
				4599119022A50981003EBD21 /* APCSingleStringkeyString.h */,
				4599119122A50981003EBD21 /* APCMutableStringkeyString.h */,
				4599119222A50981003EBD21 /* APCMultipleStringkeyString.m */,
				4599119322A50981003EBD21 /* APCMutableStringkeyString.m */,
				4599119422A50981003EBD21 /* APCSingleStringkeyString.m */,
			);
			path = APCStringkeyStringCluster;
			sourceTree = "<group>";
		};
		459911A322A50981003EBD21 /* Hook */ = {
			isa = PBXGroup;
			children = (
				459911A822A50981003EBD21 /* apc-objc-runtime */,
				459911A422A50981003EBD21 /* APCMethodHook.h */,
				459911A622A50981003EBD21 /* APCMethodHook.m */,
				459911A522A50981003EBD21 /* APCPropertyHook.h */,
				459911A722A50981003EBD21 /* APCPropertyHook.m */,
			);
			path = Hook;
			sourceTree = "<group>";
		};
		459911A822A50981003EBD21 /* apc-objc-runtime */ = {
			isa = PBXGroup;
			children = (
				459911AC22A50981003EBD21 /* apc-fishhook */,
				459911A922A50981003EBD21 /* apc-objc-config.h */,
				459911B022A50981003EBD21 /* apc-objc-extension.h */,
				459911AB22A50981003EBD21 /* apc-objc-extension.mm */,
				459911AA22A50981003EBD21 /* apc-objc-locker.h */,
				459911AF22A50981003EBD21 /* apc-objc-runtimelock.h */,
				459911B122A50981003EBD21 /* apc-objc-runtimelock.mm */,
			);
			path = "apc-objc-runtime";
			sourceTree = "<group>";
		};
		459911AC22A50981003EBD21 /* apc-fishhook */ = {
			isa = PBXGroup;
			children = (
				459911AD22A50981003EBD21 /* apc-fishhook.c */,
				459911AE22A50981003EBD21 /* apc-fishhook.h */,
			);
			path = "apc-fishhook";
			sourceTree = "<group>";
		};
		459911B222A50981003EBD21 /* APCScope */ = {
			isa = PBXGroup;
			children = (
				459911B522A50981003EBD21 /* APCBasicValueVersionScope.h */,
				459911B622A50981003EBD21 /* APCScope.h */,
				459911B322A50981003EBD21 /* APCScope.m */,
				459911B422A50981003EBD21 /* APCTypeEncodings.h */,
			);
			path = APCScope;
			sourceTree = "<group>";
		};
		459911B722A50981003EBD21 /* Method */ = {
			isa = PBXGroup;
			children = (
				459911B822A50981003EBD21 /* APCMethod.h */,
				459911B922A50981003EBD21 /* APCMethod.m */,
			);
			path = Method;
			sourceTree = "<group>";
		};
		45B12F74225B2C06002D825E = {
			isa = PBXGroup;
			children = (
				45B12F7F225B2C06002D825E /* AutoPropertyCocoaMacOS */,
				45B12F7E225B2C06002D825E /* Products */,
			);
			sourceTree = "<group>";
		};
		45B12F7E225B2C06002D825E /* Products */ = {
			isa = PBXGroup;
			children = (
				45B12F7D225B2C06002D825E /* AutoPropertyCocoaMacOS.app */,
			);
			name = Products;
			sourceTree = "<group>";
		};
		45B12F7F225B2C06002D825E /* AutoPropertyCocoaMacOS */ = {
			isa = PBXGroup;
			children = (
				4599117022A50981003EBD21 /* AutoPropertyCocoa */,
				45B12FDB225B2C9B002D825E /* TestClass */,
				45B12F80225B2C06002D825E /* AppDelegate.h */,
				45B12F81225B2C06002D825E /* AppDelegate.m */,
				45B12F83225B2C07002D825E /* Assets.xcassets */,
				45B12F85225B2C07002D825E /* MainMenu.xib */,
				45B12F88225B2C07002D825E /* Info.plist */,
				45B12F89225B2C07002D825E /* main.m */,
				45B12F8B225B2C07002D825E /* AutoPropertyCocoaMacOS.entitlements */,
			);
			path = AutoPropertyCocoaMacOS;
			sourceTree = "<group>";
		};
		45B12FDB225B2C9B002D825E /* TestClass */ = {
			isa = PBXGroup;
			children = (
				45E1CE01228BF3DE00DCD3F0 /* APCTest.h */,
				45E1CE00228BF3DE00DCD3F0 /* APCTest.m */,
				45B12FDC225B2C9B002D825E /* Person.h */,
				45B12FDF225B2C9B002D825E /* Person.m */,
				45B12FDE225B2C9B002D825E /* Man.h */,
				45B12FDD225B2C9B002D825E /* Man.m */,
				45E1CDFE228BF3DE00DCD3F0 /* Superman.h */,
				45E1CDFF228BF3DE00DCD3F0 /* Superman.m */,
			);
			name = TestClass;
			path = ../../TestClass;
			sourceTree = "<group>";
		};
/* End PBXGroup section */

/* Begin PBXNativeTarget section */
		45B12F7C225B2C06002D825E /* AutoPropertyCocoaMacOS */ = {
			isa = PBXNativeTarget;
			buildConfigurationList = 45B12F8E225B2C07002D825E /* Build configuration list for PBXNativeTarget "AutoPropertyCocoaMacOS" */;
			buildPhases = (
				45B12F79225B2C06002D825E /* Sources */,
				45B12F7A225B2C06002D825E /* Frameworks */,
				45B12F7B225B2C06002D825E /* Resources */,
			);
			buildRules = (
			);
			dependencies = (
			);
			name = AutoPropertyCocoaMacOS;
			productName = AutoPropertyCocoaMacOS;
			productReference = 45B12F7D225B2C06002D825E /* AutoPropertyCocoaMacOS.app */;
			productType = "com.apple.product-type.application";
		};
/* End PBXNativeTarget section */

/* Begin PBXProject section */
		45B12F75225B2C06002D825E /* Project object */ = {
			isa = PBXProject;
			attributes = {
				LastUpgradeCheck = 1020;
				ORGANIZATIONNAME = Novo;
				TargetAttributes = {
					45B12F7C225B2C06002D825E = {
						CreatedOnToolsVersion = 10.2;
					};
				};
			};
			buildConfigurationList = 45B12F78225B2C06002D825E /* Build configuration list for PBXProject "AutoPropertyCocoaMacOS" */;
			compatibilityVersion = "Xcode 9.3";
			developmentRegion = en;
			hasScannedForEncodings = 0;
			knownRegions = (
				en,
				Base,
			);
			mainGroup = 45B12F74225B2C06002D825E;
			productRefGroup = 45B12F7E225B2C06002D825E /* Products */;
			projectDirPath = "";
			projectRoot = "";
			targets = (
				45B12F7C225B2C06002D825E /* AutoPropertyCocoaMacOS */,
			);
		};
/* End PBXProject section */

/* Begin PBXResourcesBuildPhase section */
		45B12F7B225B2C06002D825E /* Resources */ = {
			isa = PBXResourcesBuildPhase;
			buildActionMask = 2147483647;
			files = (
				45B12F84225B2C07002D825E /* Assets.xcassets in Resources */,
				45B12F87225B2C07002D825E /* MainMenu.xib in Resources */,
			);
			runOnlyForDeploymentPostprocessing = 0;
		};
/* End PBXResourcesBuildPhase section */

/* Begin PBXSourcesBuildPhase section */
		45B12F79225B2C06002D825E /* Sources */ = {
			isa = PBXSourcesBuildPhase;
			buildActionMask = 2147483647;
			files = (
				459911D622A50981003EBD21 /* APCMethod.m in Sources */,
				459911CC22A50981003EBD21 /* APCProxyInstanceDisposer.m in Sources */,
				45E1CE02228BF3DE00DCD3F0 /* Superman.m in Sources */,
				459911C822A50981003EBD21 /* APCMutableStringkeyString.m in Sources */,
				459911C422A50981003EBD21 /* APCClassInheritanceNode.m in Sources */,
				459911BD22A50981003EBD21 /* APCProperty.m in Sources */,
				45B12FEB225B2C9B002D825E /* Man.m in Sources */,
				45E1CE03228BF3DE00DCD3F0 /* APCTest.m in Sources */,
				459911C922A50981003EBD21 /* APCSingleStringkeyString.m in Sources */,
				459911C122A50981003EBD21 /* APCHookProperty.m in Sources */,
				459911C722A50981003EBD21 /* APCMultipleStringkeyString.m in Sources */,
				459911CD22A50981003EBD21 /* APCStringStringDictionary.m in Sources */,
				459911C222A50981003EBD21 /* NSObject+APCLazyLoad.m in Sources */,
				45B12FEC225B2C9B002D825E /* Person.m in Sources */,
				45B12F8A225B2C07002D825E /* main.m in Sources */,
				459911C322A50981003EBD21 /* APCClassInheritanceTree.m in Sources */,
				459911D222A50981003EBD21 /* apc-objc-extension.mm in Sources */,
				459911CB22A50981003EBD21 /* APCStringkey.m in Sources */,
				459911BA22A50981003EBD21 /* APCUserEnvironmentSupportObject.m in Sources */,
				459911CE22A50981003EBD21 /* APCRuntime.mm in Sources */,
				459911D122A50981003EBD21 /* APCPropertyHook.m in Sources */,
				459911BB22A50981003EBD21 /* NSString+APCExtension.m in Sources */,
				459911D522A50981003EBD21 /* APCScope.m in Sources */,
				459911D022A50981003EBD21 /* APCMethodHook.m in Sources */,
				459911BE22A50981003EBD21 /* APCTriggerGetterProperty.m in Sources */,
				459911D422A50981003EBD21 /* apc-objc-runtimelock.mm in Sources */,
				459911BF22A50981003EBD21 /* APCLazyProperty.m in Sources */,
				459911C522A50981003EBD21 /* APCStringkeyString.m in Sources */,
				459911CA22A50981003EBD21 /* APCObjectLock.mm in Sources */,
				459911C022A50981003EBD21 /* APCTriggerSetterProperty.m in Sources */,
				459911D322A50981003EBD21 /* apc-fishhook.c in Sources */,
				459911CF22A50981003EBD21 /* NSObject+APCTriggerProperty.m in Sources */,
				459911C622A50981003EBD21 /* APCClassMapper.m in Sources */,
				459911BC22A50981003EBD21 /* NSObject+APCExtension.m in Sources */,
				45B12F82225B2C06002D825E /* AppDelegate.m in Sources */,
			);
			runOnlyForDeploymentPostprocessing = 0;
		};
/* End PBXSourcesBuildPhase section */

/* Begin PBXVariantGroup section */
		45B12F85225B2C07002D825E /* MainMenu.xib */ = {
			isa = PBXVariantGroup;
			children = (
				45B12F86225B2C07002D825E /* Base */,
			);
			name = MainMenu.xib;
			sourceTree = "<group>";
		};
/* End PBXVariantGroup section */

/* Begin XCBuildConfiguration section */
		45B12F8C225B2C07002D825E /* Debug */ = {
			isa = XCBuildConfiguration;
			buildSettings = {
				ALWAYS_SEARCH_USER_PATHS = NO;
				CLANG_ANALYZER_NONNULL = YES;
				CLANG_ANALYZER_NUMBER_OBJECT_CONVERSION = YES_AGGRESSIVE;
				CLANG_CXX_LANGUAGE_STANDARD = "gnu++14";
				CLANG_CXX_LIBRARY = "libc++";
				CLANG_ENABLE_MODULES = YES;
				CLANG_ENABLE_OBJC_ARC = YES;
				CLANG_ENABLE_OBJC_WEAK = YES;
				CLANG_WARN_BLOCK_CAPTURE_AUTORELEASING = YES;
				CLANG_WARN_BOOL_CONVERSION = YES;
				CLANG_WARN_COMMA = YES;
				CLANG_WARN_CONSTANT_CONVERSION = YES;
				CLANG_WARN_DEPRECATED_OBJC_IMPLEMENTATIONS = YES;
				CLANG_WARN_DIRECT_OBJC_ISA_USAGE = YES_ERROR;
				CLANG_WARN_DOCUMENTATION_COMMENTS = YES;
				CLANG_WARN_EMPTY_BODY = YES;
				CLANG_WARN_ENUM_CONVERSION = YES;
				CLANG_WARN_INFINITE_RECURSION = YES;
				CLANG_WARN_INT_CONVERSION = YES;
				CLANG_WARN_NON_LITERAL_NULL_CONVERSION = YES;
				CLANG_WARN_OBJC_IMPLICIT_RETAIN_SELF = YES;
				CLANG_WARN_OBJC_LITERAL_CONVERSION = YES;
				CLANG_WARN_OBJC_ROOT_CLASS = YES_ERROR;
				CLANG_WARN_RANGE_LOOP_ANALYSIS = YES;
				CLANG_WARN_STRICT_PROTOTYPES = YES;
				CLANG_WARN_SUSPICIOUS_MOVE = YES;
				CLANG_WARN_UNGUARDED_AVAILABILITY = YES_AGGRESSIVE;
				CLANG_WARN_UNREACHABLE_CODE = YES;
				CLANG_WARN__DUPLICATE_METHOD_MATCH = YES;
				CODE_SIGN_IDENTITY = "-";
				COPY_PHASE_STRIP = NO;
				DEBUG_INFORMATION_FORMAT = dwarf;
				ENABLE_STRICT_OBJC_MSGSEND = YES;
				ENABLE_TESTABILITY = YES;
				GCC_C_LANGUAGE_STANDARD = gnu11;
				GCC_DYNAMIC_NO_PIC = NO;
				GCC_NO_COMMON_BLOCKS = YES;
				GCC_OPTIMIZATION_LEVEL = 0;
				GCC_PREPROCESSOR_DEFINITIONS = (
					"DEBUG=1",
					"$(inherited)",
				);
				GCC_WARN_64_TO_32_BIT_CONVERSION = YES;
				GCC_WARN_ABOUT_RETURN_TYPE = YES_ERROR;
				GCC_WARN_UNDECLARED_SELECTOR = YES;
				GCC_WARN_UNINITIALIZED_AUTOS = YES_AGGRESSIVE;
				GCC_WARN_UNUSED_FUNCTION = YES;
				GCC_WARN_UNUSED_VARIABLE = YES;
				MACOSX_DEPLOYMENT_TARGET = 10.14;
				MTL_ENABLE_DEBUG_INFO = INCLUDE_SOURCE;
				MTL_FAST_MATH = YES;
				ONLY_ACTIVE_ARCH = YES;
				SDKROOT = macosx;
			};
			name = Debug;
		};
		45B12F8D225B2C07002D825E /* Release */ = {
			isa = XCBuildConfiguration;
			buildSettings = {
				ALWAYS_SEARCH_USER_PATHS = NO;
				CLANG_ANALYZER_NONNULL = YES;
				CLANG_ANALYZER_NUMBER_OBJECT_CONVERSION = YES_AGGRESSIVE;
				CLANG_CXX_LANGUAGE_STANDARD = "gnu++14";
				CLANG_CXX_LIBRARY = "libc++";
				CLANG_ENABLE_MODULES = YES;
				CLANG_ENABLE_OBJC_ARC = YES;
				CLANG_ENABLE_OBJC_WEAK = YES;
				CLANG_WARN_BLOCK_CAPTURE_AUTORELEASING = YES;
				CLANG_WARN_BOOL_CONVERSION = YES;
				CLANG_WARN_COMMA = YES;
				CLANG_WARN_CONSTANT_CONVERSION = YES;
				CLANG_WARN_DEPRECATED_OBJC_IMPLEMENTATIONS = YES;
				CLANG_WARN_DIRECT_OBJC_ISA_USAGE = YES_ERROR;
				CLANG_WARN_DOCUMENTATION_COMMENTS = YES;
				CLANG_WARN_EMPTY_BODY = YES;
				CLANG_WARN_ENUM_CONVERSION = YES;
				CLANG_WARN_INFINITE_RECURSION = YES;
				CLANG_WARN_INT_CONVERSION = YES;
				CLANG_WARN_NON_LITERAL_NULL_CONVERSION = YES;
				CLANG_WARN_OBJC_IMPLICIT_RETAIN_SELF = YES;
				CLANG_WARN_OBJC_LITERAL_CONVERSION = YES;
				CLANG_WARN_OBJC_ROOT_CLASS = YES_ERROR;
				CLANG_WARN_RANGE_LOOP_ANALYSIS = YES;
				CLANG_WARN_STRICT_PROTOTYPES = YES;
				CLANG_WARN_SUSPICIOUS_MOVE = YES;
				CLANG_WARN_UNGUARDED_AVAILABILITY = YES_AGGRESSIVE;
				CLANG_WARN_UNREACHABLE_CODE = YES;
				CLANG_WARN__DUPLICATE_METHOD_MATCH = YES;
				CODE_SIGN_IDENTITY = "-";
				COPY_PHASE_STRIP = NO;
				DEBUG_INFORMATION_FORMAT = "dwarf-with-dsym";
				ENABLE_NS_ASSERTIONS = NO;
				ENABLE_STRICT_OBJC_MSGSEND = YES;
				GCC_C_LANGUAGE_STANDARD = gnu11;
				GCC_NO_COMMON_BLOCKS = YES;
				GCC_WARN_64_TO_32_BIT_CONVERSION = YES;
				GCC_WARN_ABOUT_RETURN_TYPE = YES_ERROR;
				GCC_WARN_UNDECLARED_SELECTOR = YES;
				GCC_WARN_UNINITIALIZED_AUTOS = YES_AGGRESSIVE;
				GCC_WARN_UNUSED_FUNCTION = YES;
				GCC_WARN_UNUSED_VARIABLE = YES;
				MACOSX_DEPLOYMENT_TARGET = 10.14;
				MTL_ENABLE_DEBUG_INFO = NO;
				MTL_FAST_MATH = YES;
				SDKROOT = macosx;
			};
			name = Release;
		};
		45B12F8F225B2C07002D825E /* Debug */ = {
			isa = XCBuildConfiguration;
			buildSettings = {
				ASSETCATALOG_COMPILER_APPICON_NAME = AppIcon;
				CODE_SIGN_ENTITLEMENTS = AutoPropertyCocoaMacOS/AutoPropertyCocoaMacOS.entitlements;
				CODE_SIGN_STYLE = Automatic;
				COMBINE_HIDPI_IMAGES = YES;
				INFOPLIST_FILE = AutoPropertyCocoaMacOS/Info.plist;
				LD_RUNPATH_SEARCH_PATHS = (
					"$(inherited)",
					"@executable_path/../Frameworks",
				);
				PRODUCT_BUNDLE_IDENTIFIER = Novo.AutoPropertyCocoaMacOS;
				PRODUCT_NAME = "$(TARGET_NAME)";
			};
			name = Debug;
		};
		45B12F90225B2C07002D825E /* Release */ = {
			isa = XCBuildConfiguration;
			buildSettings = {
				ASSETCATALOG_COMPILER_APPICON_NAME = AppIcon;
				CODE_SIGN_ENTITLEMENTS = AutoPropertyCocoaMacOS/AutoPropertyCocoaMacOS.entitlements;
				CODE_SIGN_STYLE = Automatic;
				COMBINE_HIDPI_IMAGES = YES;
				INFOPLIST_FILE = AutoPropertyCocoaMacOS/Info.plist;
				LD_RUNPATH_SEARCH_PATHS = (
					"$(inherited)",
					"@executable_path/../Frameworks",
				);
				PRODUCT_BUNDLE_IDENTIFIER = Novo.AutoPropertyCocoaMacOS;
				PRODUCT_NAME = "$(TARGET_NAME)";
			};
			name = Release;
		};
/* End XCBuildConfiguration section */

/* Begin XCConfigurationList section */
		45B12F78225B2C06002D825E /* Build configuration list for PBXProject "AutoPropertyCocoaMacOS" */ = {
			isa = XCConfigurationList;
			buildConfigurations = (
				45B12F8C225B2C07002D825E /* Debug */,
				45B12F8D225B2C07002D825E /* Release */,
			);
			defaultConfigurationIsVisible = 0;
			defaultConfigurationName = Release;
		};
		45B12F8E225B2C07002D825E /* Build configuration list for PBXNativeTarget "AutoPropertyCocoaMacOS" */ = {
			isa = XCConfigurationList;
			buildConfigurations = (
				45B12F8F225B2C07002D825E /* Debug */,
				45B12F90225B2C07002D825E /* Release */,
			);
			defaultConfigurationIsVisible = 0;
			defaultConfigurationName = Release;
		};
/* End XCConfigurationList section */
	};
	rootObject = 45B12F75225B2C06002D825E /* Project object */;
}
