// !$*UTF8*$!
{
	archiveVersion = 1;
	classes = {
	};
	objectVersion = 50;
	objects = {

/* Begin PBXBuildFile section */
		456B1BE5229395C8001840FA /* APCSingleStringkeyString.m in Sources */ = {isa = PBXBuildFile; fileRef = 456B1BE4229395C8001840FA /* APCSingleStringkeyString.m */; };
		456B1BE822939D87001840FA /* APCStringkey.m in Sources */ = {isa = PBXBuildFile; fileRef = 456B1BE722939D87001840FA /* APCStringkey.m */; };
		456B1BEB2293A2C9001840FA /* APCStringkeyString.m in Sources */ = {isa = PBXBuildFile; fileRef = 456B1BEA2293A2C9001840FA /* APCStringkeyString.m */; };
		456B1BEE2293E96F001840FA /* APCMutableStringkeyString.m in Sources */ = {isa = PBXBuildFile; fileRef = 456B1BED2293E96E001840FA /* APCMutableStringkeyString.m */; };
		456EABA922925491009C5DFB /* APCStringStringDictionary.m in Sources */ = {isa = PBXBuildFile; fileRef = 456EABA822925491009C5DFB /* APCStringStringDictionary.m */; };
		45B12F82225B2C06002D825E /* AppDelegate.m in Sources */ = {isa = PBXBuildFile; fileRef = 45B12F81225B2C06002D825E /* AppDelegate.m */; };
		45B12F84225B2C07002D825E /* Assets.xcassets in Resources */ = {isa = PBXBuildFile; fileRef = 45B12F83225B2C07002D825E /* Assets.xcassets */; };
		45B12F87225B2C07002D825E /* MainMenu.xib in Resources */ = {isa = PBXBuildFile; fileRef = 45B12F85225B2C07002D825E /* MainMenu.xib */; };
		45B12F8A225B2C07002D825E /* main.m in Sources */ = {isa = PBXBuildFile; fileRef = 45B12F89225B2C07002D825E /* main.m */; };
		45B12FEB225B2C9B002D825E /* Man.m in Sources */ = {isa = PBXBuildFile; fileRef = 45B12FDD225B2C9B002D825E /* Man.m */; };
		45B12FEC225B2C9B002D825E /* Person.m in Sources */ = {isa = PBXBuildFile; fileRef = 45B12FDF225B2C9B002D825E /* Person.m */; };
		45CFD61E22925740000C9438 /* APCMultipleStringkeyString.m in Sources */ = {isa = PBXBuildFile; fileRef = 45CFD61D22925740000C9438 /* APCMultipleStringkeyString.m */; };
		45E1CDE9228BF3BB00DCD3F0 /* APCUserEnvironmentSupportObject.m in Sources */ = {isa = PBXBuildFile; fileRef = 45E1CDB2228BF3BB00DCD3F0 /* APCUserEnvironmentSupportObject.m */; };
		45E1CDEA228BF3BB00DCD3F0 /* APCScope.m in Sources */ = {isa = PBXBuildFile; fileRef = 45E1CDB3228BF3BB00DCD3F0 /* APCScope.m */; };
		45E1CDEB228BF3BB00DCD3F0 /* NSString+APCExtension.m in Sources */ = {isa = PBXBuildFile; fileRef = 45E1CDB7228BF3BB00DCD3F0 /* NSString+APCExtension.m */; };
		45E1CDEC228BF3BB00DCD3F0 /* NSObject+APCExtension.m in Sources */ = {isa = PBXBuildFile; fileRef = 45E1CDB8228BF3BB00DCD3F0 /* NSObject+APCExtension.m */; };
		45E1CDED228BF3BB00DCD3F0 /* APCProperty.m in Sources */ = {isa = PBXBuildFile; fileRef = 45E1CDBB228BF3BB00DCD3F0 /* APCProperty.m */; };
		45E1CDEE228BF3BB00DCD3F0 /* APCTriggerGetterProperty.m in Sources */ = {isa = PBXBuildFile; fileRef = 45E1CDBC228BF3BB00DCD3F0 /* APCTriggerGetterProperty.m */; };
		45E1CDEF228BF3BB00DCD3F0 /* APCLazyProperty.m in Sources */ = {isa = PBXBuildFile; fileRef = 45E1CDBD228BF3BB00DCD3F0 /* APCLazyProperty.m */; };
		45E1CDF0228BF3BB00DCD3F0 /* APCTriggerSetterProperty.m in Sources */ = {isa = PBXBuildFile; fileRef = 45E1CDBF228BF3BB00DCD3F0 /* APCTriggerSetterProperty.m */; };
		45E1CDF1228BF3BB00DCD3F0 /* APCHookProperty.m in Sources */ = {isa = PBXBuildFile; fileRef = 45E1CDC1228BF3BB00DCD3F0 /* APCHookProperty.m */; };
		45E1CDF2228BF3BB00DCD3F0 /* NSObject+APCLazyLoad.m in Sources */ = {isa = PBXBuildFile; fileRef = 45E1CDC5228BF3BB00DCD3F0 /* NSObject+APCLazyLoad.m */; };
		45E1CDF3228BF3BB00DCD3F0 /* APCClassInheritanceTree.m in Sources */ = {isa = PBXBuildFile; fileRef = 45E1CDCD228BF3BB00DCD3F0 /* APCClassInheritanceTree.m */; };
		45E1CDF4228BF3BB00DCD3F0 /* APCClassInheritanceNode.m in Sources */ = {isa = PBXBuildFile; fileRef = 45E1CDCE228BF3BB00DCD3F0 /* APCClassInheritanceNode.m */; };
		45E1CDF5228BF3BB00DCD3F0 /* APCClassMapper.m in Sources */ = {isa = PBXBuildFile; fileRef = 45E1CDCF228BF3BB00DCD3F0 /* APCClassMapper.m */; };
		45E1CDF6228BF3BB00DCD3F0 /* APCRuntime.mm in Sources */ = {isa = PBXBuildFile; fileRef = 45E1CDD3228BF3BB00DCD3F0 /* APCRuntime.mm */; };
		45E1CDF7228BF3BB00DCD3F0 /* NSObject+APCTriggerProperty.m in Sources */ = {isa = PBXBuildFile; fileRef = 45E1CDD6228BF3BB00DCD3F0 /* NSObject+APCTriggerProperty.m */; };
		45E1CDF8228BF3BB00DCD3F0 /* APCPropertyHook.m in Sources */ = {isa = PBXBuildFile; fileRef = 45E1CDD8228BF3BB00DCD3F0 /* APCPropertyHook.m */; };
		45E1CDF9228BF3BB00DCD3F0 /* APCMethodHook.m in Sources */ = {isa = PBXBuildFile; fileRef = 45E1CDDB228BF3BB00DCD3F0 /* APCMethodHook.m */; };
		45E1CDFA228BF3BB00DCD3F0 /* apc-objc-extension.mm in Sources */ = {isa = PBXBuildFile; fileRef = 45E1CDDE228BF3BB00DCD3F0 /* apc-objc-extension.mm */; };
		45E1CDFB228BF3BB00DCD3F0 /* apc-fishhook.c in Sources */ = {isa = PBXBuildFile; fileRef = 45E1CDE0228BF3BB00DCD3F0 /* apc-fishhook.c */; };
		45E1CDFC228BF3BB00DCD3F0 /* apc-objc-runtimelock.mm in Sources */ = {isa = PBXBuildFile; fileRef = 45E1CDE4228BF3BB00DCD3F0 /* apc-objc-runtimelock.mm */; };
		45E1CDFD228BF3BB00DCD3F0 /* APCMethod.m in Sources */ = {isa = PBXBuildFile; fileRef = 45E1CDE8228BF3BB00DCD3F0 /* APCMethod.m */; };
		45E1CE02228BF3DE00DCD3F0 /* Superman.m in Sources */ = {isa = PBXBuildFile; fileRef = 45E1CDFF228BF3DE00DCD3F0 /* Superman.m */; };
		45E1CE03228BF3DE00DCD3F0 /* APCTest.m in Sources */ = {isa = PBXBuildFile; fileRef = 45E1CE00228BF3DE00DCD3F0 /* APCTest.m */; };
		45E1CE06228D34F800DCD3F0 /* APCProxyInstanceDisposer.m in Sources */ = {isa = PBXBuildFile; fileRef = 45E1CE05228D34F800DCD3F0 /* APCProxyInstanceDisposer.m */; };
		9F83A73822A01D1200701F80 /* APCObjectLock.mm in Sources */ = {isa = PBXBuildFile; fileRef = 9F83A73722A01D1200701F80 /* APCObjectLock.mm */; };
/* End PBXBuildFile section */

/* Begin PBXFileReference section */
		456B1BE3229395C8001840FA /* APCSingleStringkeyString.h */ = {isa = PBXFileReference; lastKnownFileType = sourcecode.c.h; path = APCSingleStringkeyString.h; sourceTree = "<group>"; };
		456B1BE4229395C8001840FA /* APCSingleStringkeyString.m */ = {isa = PBXFileReference; lastKnownFileType = sourcecode.c.objc; path = APCSingleStringkeyString.m; sourceTree = "<group>"; };
		456B1BE622939D87001840FA /* APCStringkey.h */ = {isa = PBXFileReference; lastKnownFileType = sourcecode.c.h; path = APCStringkey.h; sourceTree = "<group>"; };
		456B1BE722939D87001840FA /* APCStringkey.m */ = {isa = PBXFileReference; lastKnownFileType = sourcecode.c.objc; path = APCStringkey.m; sourceTree = "<group>"; };
		456B1BE92293A2C9001840FA /* APCStringkeyString.h */ = {isa = PBXFileReference; lastKnownFileType = sourcecode.c.h; path = APCStringkeyString.h; sourceTree = "<group>"; };
		456B1BEA2293A2C9001840FA /* APCStringkeyString.m */ = {isa = PBXFileReference; lastKnownFileType = sourcecode.c.objc; path = APCStringkeyString.m; sourceTree = "<group>"; };
		456B1BEC2293E96E001840FA /* APCMutableStringkeyString.h */ = {isa = PBXFileReference; lastKnownFileType = sourcecode.c.h; path = APCMutableStringkeyString.h; sourceTree = "<group>"; };
		456B1BED2293E96E001840FA /* APCMutableStringkeyString.m */ = {isa = PBXFileReference; lastKnownFileType = sourcecode.c.objc; path = APCMutableStringkeyString.m; sourceTree = "<group>"; };
		456EABA722925491009C5DFB /* APCStringStringDictionary.h */ = {isa = PBXFileReference; lastKnownFileType = sourcecode.c.h; path = APCStringStringDictionary.h; sourceTree = "<group>"; };
		456EABA822925491009C5DFB /* APCStringStringDictionary.m */ = {isa = PBXFileReference; lastKnownFileType = sourcecode.c.objc; path = APCStringStringDictionary.m; sourceTree = "<group>"; };
		45B12F7D225B2C06002D825E /* AutoPropertyCocoaMacOS.app */ = {isa = PBXFileReference; explicitFileType = wrapper.application; includeInIndex = 0; path = AutoPropertyCocoaMacOS.app; sourceTree = BUILT_PRODUCTS_DIR; };
		45B12F80225B2C06002D825E /* AppDelegate.h */ = {isa = PBXFileReference; lastKnownFileType = sourcecode.c.h; path = AppDelegate.h; sourceTree = "<group>"; };
		45B12F81225B2C06002D825E /* AppDelegate.m */ = {isa = PBXFileReference; lastKnownFileType = sourcecode.c.objc; path = AppDelegate.m; sourceTree = "<group>"; };
		45B12F83225B2C07002D825E /* Assets.xcassets */ = {isa = PBXFileReference; lastKnownFileType = folder.assetcatalog; path = Assets.xcassets; sourceTree = "<group>"; };
		45B12F86225B2C07002D825E /* Base */ = {isa = PBXFileReference; lastKnownFileType = file.xib; name = Base; path = Base.lproj/MainMenu.xib; sourceTree = "<group>"; };
		45B12F88225B2C07002D825E /* Info.plist */ = {isa = PBXFileReference; lastKnownFileType = text.plist.xml; path = Info.plist; sourceTree = "<group>"; };
		45B12F89225B2C07002D825E /* main.m */ = {isa = PBXFileReference; lastKnownFileType = sourcecode.c.objc; path = main.m; sourceTree = "<group>"; };
		45B12F8B225B2C07002D825E /* AutoPropertyCocoaMacOS.entitlements */ = {isa = PBXFileReference; lastKnownFileType = text.plist.entitlements; path = AutoPropertyCocoaMacOS.entitlements; sourceTree = "<group>"; };
		45B12FDC225B2C9B002D825E /* Person.h */ = {isa = PBXFileReference; fileEncoding = 4; lastKnownFileType = sourcecode.c.h; path = Person.h; sourceTree = "<group>"; };
		45B12FDD225B2C9B002D825E /* Man.m */ = {isa = PBXFileReference; fileEncoding = 4; lastKnownFileType = sourcecode.c.objc; path = Man.m; sourceTree = "<group>"; };
		45B12FDE225B2C9B002D825E /* Man.h */ = {isa = PBXFileReference; fileEncoding = 4; lastKnownFileType = sourcecode.c.h; path = Man.h; sourceTree = "<group>"; };
		45B12FDF225B2C9B002D825E /* Person.m */ = {isa = PBXFileReference; fileEncoding = 4; lastKnownFileType = sourcecode.c.objc; path = Person.m; sourceTree = "<group>"; };
		45CFD61C22925740000C9438 /* APCMultipleStringkeyString.h */ = {isa = PBXFileReference; lastKnownFileType = sourcecode.c.h; path = APCMultipleStringkeyString.h; sourceTree = "<group>"; };
		45CFD61D22925740000C9438 /* APCMultipleStringkeyString.m */ = {isa = PBXFileReference; lastKnownFileType = sourcecode.c.objc; path = APCMultipleStringkeyString.m; sourceTree = "<group>"; };
		45E1CDB2228BF3BB00DCD3F0 /* APCUserEnvironmentSupportObject.m */ = {isa = PBXFileReference; fileEncoding = 4; lastKnownFileType = sourcecode.c.objc; path = APCUserEnvironmentSupportObject.m; sourceTree = "<group>"; };
		45E1CDB3228BF3BB00DCD3F0 /* APCScope.m */ = {isa = PBXFileReference; fileEncoding = 4; lastKnownFileType = sourcecode.c.objc; path = APCScope.m; sourceTree = "<group>"; };
		45E1CDB5228BF3BB00DCD3F0 /* NSString+APCExtension.h */ = {isa = PBXFileReference; fileEncoding = 4; lastKnownFileType = sourcecode.c.h; path = "NSString+APCExtension.h"; sourceTree = "<group>"; };
		45E1CDB6228BF3BB00DCD3F0 /* NSObject+APCExtension.h */ = {isa = PBXFileReference; fileEncoding = 4; lastKnownFileType = sourcecode.c.h; path = "NSObject+APCExtension.h"; sourceTree = "<group>"; };
		45E1CDB7228BF3BB00DCD3F0 /* NSString+APCExtension.m */ = {isa = PBXFileReference; fileEncoding = 4; lastKnownFileType = sourcecode.c.objc; path = "NSString+APCExtension.m"; sourceTree = "<group>"; };
		45E1CDB8228BF3BB00DCD3F0 /* NSObject+APCExtension.m */ = {isa = PBXFileReference; fileEncoding = 4; lastKnownFileType = sourcecode.c.objc; path = "NSObject+APCExtension.m"; sourceTree = "<group>"; };
		45E1CDBA228BF3BB00DCD3F0 /* APCTriggerSetterProperty.h */ = {isa = PBXFileReference; fileEncoding = 4; lastKnownFileType = sourcecode.c.h; path = APCTriggerSetterProperty.h; sourceTree = "<group>"; };
		45E1CDBB228BF3BB00DCD3F0 /* APCProperty.m */ = {isa = PBXFileReference; fileEncoding = 4; lastKnownFileType = sourcecode.c.objc; path = APCProperty.m; sourceTree = "<group>"; };
		45E1CDBC228BF3BB00DCD3F0 /* APCTriggerGetterProperty.m */ = {isa = PBXFileReference; fileEncoding = 4; lastKnownFileType = sourcecode.c.objc; path = APCTriggerGetterProperty.m; sourceTree = "<group>"; };
		45E1CDBD228BF3BB00DCD3F0 /* APCLazyProperty.m */ = {isa = PBXFileReference; fileEncoding = 4; lastKnownFileType = sourcecode.c.objc; path = APCLazyProperty.m; sourceTree = "<group>"; };
		45E1CDBE228BF3BB00DCD3F0 /* APCHookProperty.h */ = {isa = PBXFileReference; fileEncoding = 4; lastKnownFileType = sourcecode.c.h; path = APCHookProperty.h; sourceTree = "<group>"; };
		45E1CDBF228BF3BB00DCD3F0 /* APCTriggerSetterProperty.m */ = {isa = PBXFileReference; fileEncoding = 4; lastKnownFileType = sourcecode.c.objc; path = APCTriggerSetterProperty.m; sourceTree = "<group>"; };
		45E1CDC0228BF3BB00DCD3F0 /* APCProperty.h */ = {isa = PBXFileReference; fileEncoding = 4; lastKnownFileType = sourcecode.c.h; path = APCProperty.h; sourceTree = "<group>"; };
		45E1CDC1228BF3BB00DCD3F0 /* APCHookProperty.m */ = {isa = PBXFileReference; fileEncoding = 4; lastKnownFileType = sourcecode.c.objc; path = APCHookProperty.m; sourceTree = "<group>"; };
		45E1CDC2228BF3BB00DCD3F0 /* APCLazyProperty.h */ = {isa = PBXFileReference; fileEncoding = 4; lastKnownFileType = sourcecode.c.h; path = APCLazyProperty.h; sourceTree = "<group>"; };
		45E1CDC3228BF3BB00DCD3F0 /* APCTriggerGetterProperty.h */ = {isa = PBXFileReference; fileEncoding = 4; lastKnownFileType = sourcecode.c.h; path = APCTriggerGetterProperty.h; sourceTree = "<group>"; };
		45E1CDC4228BF3BB00DCD3F0 /* NSObject+APCTriggerProperty.h */ = {isa = PBXFileReference; fileEncoding = 4; lastKnownFileType = sourcecode.c.h; path = "NSObject+APCTriggerProperty.h"; sourceTree = "<group>"; };
		45E1CDC5228BF3BB00DCD3F0 /* NSObject+APCLazyLoad.m */ = {isa = PBXFileReference; fileEncoding = 4; lastKnownFileType = sourcecode.c.objc; path = "NSObject+APCLazyLoad.m"; sourceTree = "<group>"; };
		45E1CDC6228BF3BB00DCD3F0 /* AutoPropertyCocoa.h */ = {isa = PBXFileReference; fileEncoding = 4; lastKnownFileType = sourcecode.c.h; path = AutoPropertyCocoa.h; sourceTree = "<group>"; };
		45E1CDC7228BF3BB00DCD3F0 /* APCUserEnvironmentSupportObject.h */ = {isa = PBXFileReference; fileEncoding = 4; lastKnownFileType = sourcecode.c.h; path = APCUserEnvironmentSupportObject.h; sourceTree = "<group>"; };
		45E1CDC8228BF3BB00DCD3F0 /* APCRuntime.h */ = {isa = PBXFileReference; fileEncoding = 4; lastKnownFileType = sourcecode.c.h; path = APCRuntime.h; sourceTree = "<group>"; };
		45E1CDC9228BF3BB00DCD3F0 /* APCTypeEncodings.h */ = {isa = PBXFileReference; fileEncoding = 4; lastKnownFileType = sourcecode.c.h; path = APCTypeEncodings.h; sourceTree = "<group>"; };
		45E1CDCA228BF3BB00DCD3F0 /* APCBasicValueVersionScope.h */ = {isa = PBXFileReference; fileEncoding = 4; lastKnownFileType = sourcecode.c.h; path = APCBasicValueVersionScope.h; sourceTree = "<group>"; };
		45E1CDCB228BF3BB00DCD3F0 /* APCScope.h */ = {isa = PBXFileReference; fileEncoding = 4; lastKnownFileType = sourcecode.c.h; path = APCScope.h; sourceTree = "<group>"; };
		45E1CDCD228BF3BB00DCD3F0 /* APCClassInheritanceTree.m */ = {isa = PBXFileReference; fileEncoding = 4; lastKnownFileType = sourcecode.c.objc; path = APCClassInheritanceTree.m; sourceTree = "<group>"; };
		45E1CDCE228BF3BB00DCD3F0 /* APCClassInheritanceNode.m */ = {isa = PBXFileReference; fileEncoding = 4; lastKnownFileType = sourcecode.c.objc; path = APCClassInheritanceNode.m; sourceTree = "<group>"; };
		45E1CDCF228BF3BB00DCD3F0 /* APCClassMapper.m */ = {isa = PBXFileReference; fileEncoding = 4; lastKnownFileType = sourcecode.c.objc; path = APCClassMapper.m; sourceTree = "<group>"; };
		45E1CDD0228BF3BB00DCD3F0 /* APCClassInheritanceNode.h */ = {isa = PBXFileReference; fileEncoding = 4; lastKnownFileType = sourcecode.c.h; path = APCClassInheritanceNode.h; sourceTree = "<group>"; };
		45E1CDD1228BF3BB00DCD3F0 /* APCClassInheritanceTree.h */ = {isa = PBXFileReference; fileEncoding = 4; lastKnownFileType = sourcecode.c.h; path = APCClassInheritanceTree.h; sourceTree = "<group>"; };
		45E1CDD2228BF3BB00DCD3F0 /* APCClassMapper.h */ = {isa = PBXFileReference; fileEncoding = 4; lastKnownFileType = sourcecode.c.h; path = APCClassMapper.h; sourceTree = "<group>"; };
		45E1CDD3228BF3BB00DCD3F0 /* APCRuntime.mm */ = {isa = PBXFileReference; fileEncoding = 4; lastKnownFileType = sourcecode.cpp.objcpp; path = APCRuntime.mm; sourceTree = "<group>"; };
		45E1CDD4228BF3BB00DCD3F0 /* NSObject+APCLazyLoad.h */ = {isa = PBXFileReference; fileEncoding = 4; lastKnownFileType = sourcecode.c.h; path = "NSObject+APCLazyLoad.h"; sourceTree = "<group>"; };
		45E1CDD5228BF3BB00DCD3F0 /* APCExtScope.h */ = {isa = PBXFileReference; fileEncoding = 4; lastKnownFileType = sourcecode.c.h; path = APCExtScope.h; sourceTree = "<group>"; };
		45E1CDD6228BF3BB00DCD3F0 /* NSObject+APCTriggerProperty.m */ = {isa = PBXFileReference; fileEncoding = 4; lastKnownFileType = sourcecode.c.objc; path = "NSObject+APCTriggerProperty.m"; sourceTree = "<group>"; };
		45E1CDD8228BF3BB00DCD3F0 /* APCPropertyHook.m */ = {isa = PBXFileReference; fileEncoding = 4; lastKnownFileType = sourcecode.c.objc; path = APCPropertyHook.m; sourceTree = "<group>"; };
		45E1CDD9228BF3BB00DCD3F0 /* APCMethodHook.h */ = {isa = PBXFileReference; fileEncoding = 4; lastKnownFileType = sourcecode.c.h; path = APCMethodHook.h; sourceTree = "<group>"; };
		45E1CDDA228BF3BB00DCD3F0 /* APCPropertyHook.h */ = {isa = PBXFileReference; fileEncoding = 4; lastKnownFileType = sourcecode.c.h; path = APCPropertyHook.h; sourceTree = "<group>"; };
		45E1CDDB228BF3BB00DCD3F0 /* APCMethodHook.m */ = {isa = PBXFileReference; fileEncoding = 4; lastKnownFileType = sourcecode.c.objc; path = APCMethodHook.m; sourceTree = "<group>"; };
		45E1CDDD228BF3BB00DCD3F0 /* apc-objc-config.h */ = {isa = PBXFileReference; fileEncoding = 4; lastKnownFileType = sourcecode.c.h; path = "apc-objc-config.h"; sourceTree = "<group>"; };
		45E1CDDE228BF3BB00DCD3F0 /* apc-objc-extension.mm */ = {isa = PBXFileReference; fileEncoding = 4; lastKnownFileType = sourcecode.cpp.objcpp; path = "apc-objc-extension.mm"; sourceTree = "<group>"; };
		45E1CDE0228BF3BB00DCD3F0 /* apc-fishhook.c */ = {isa = PBXFileReference; fileEncoding = 4; lastKnownFileType = sourcecode.c.c; path = "apc-fishhook.c"; sourceTree = "<group>"; };
		45E1CDE1228BF3BB00DCD3F0 /* apc-fishhook.h */ = {isa = PBXFileReference; fileEncoding = 4; lastKnownFileType = sourcecode.c.h; path = "apc-fishhook.h"; sourceTree = "<group>"; };
		45E1CDE2228BF3BB00DCD3F0 /* apc-objc-runtimelock.h */ = {isa = PBXFileReference; fileEncoding = 4; lastKnownFileType = sourcecode.c.h; path = "apc-objc-runtimelock.h"; sourceTree = "<group>"; };
		45E1CDE3228BF3BB00DCD3F0 /* apc-objc-extension.h */ = {isa = PBXFileReference; fileEncoding = 4; lastKnownFileType = sourcecode.c.h; path = "apc-objc-extension.h"; sourceTree = "<group>"; };
		45E1CDE4228BF3BB00DCD3F0 /* apc-objc-runtimelock.mm */ = {isa = PBXFileReference; fileEncoding = 4; lastKnownFileType = sourcecode.cpp.objcpp; path = "apc-objc-runtimelock.mm"; sourceTree = "<group>"; };
		45E1CDE5228BF3BB00DCD3F0 /* apc-objc-os.h */ = {isa = PBXFileReference; fileEncoding = 4; lastKnownFileType = sourcecode.c.h; path = "apc-objc-os.h"; sourceTree = "<group>"; };
		45E1CDE7228BF3BB00DCD3F0 /* APCMethod.h */ = {isa = PBXFileReference; fileEncoding = 4; lastKnownFileType = sourcecode.c.h; path = APCMethod.h; sourceTree = "<group>"; };
		45E1CDE8228BF3BB00DCD3F0 /* APCMethod.m */ = {isa = PBXFileReference; fileEncoding = 4; lastKnownFileType = sourcecode.c.objc; path = APCMethod.m; sourceTree = "<group>"; };
		45E1CDFE228BF3DE00DCD3F0 /* Superman.h */ = {isa = PBXFileReference; fileEncoding = 4; lastKnownFileType = sourcecode.c.h; path = Superman.h; sourceTree = "<group>"; };
		45E1CDFF228BF3DE00DCD3F0 /* Superman.m */ = {isa = PBXFileReference; fileEncoding = 4; lastKnownFileType = sourcecode.c.objc; path = Superman.m; sourceTree = "<group>"; };
		45E1CE00228BF3DE00DCD3F0 /* APCTest.m */ = {isa = PBXFileReference; fileEncoding = 4; lastKnownFileType = sourcecode.c.objc; path = APCTest.m; sourceTree = "<group>"; };
		45E1CE01228BF3DE00DCD3F0 /* APCTest.h */ = {isa = PBXFileReference; fileEncoding = 4; lastKnownFileType = sourcecode.c.h; path = APCTest.h; sourceTree = "<group>"; };
		45E1CE04228D34F800DCD3F0 /* APCProxyInstanceDisposer.h */ = {isa = PBXFileReference; lastKnownFileType = sourcecode.c.h; path = APCProxyInstanceDisposer.h; sourceTree = "<group>"; };
		45E1CE05228D34F800DCD3F0 /* APCProxyInstanceDisposer.m */ = {isa = PBXFileReference; lastKnownFileType = sourcecode.c.objc; path = APCProxyInstanceDisposer.m; sourceTree = "<group>"; };
		9F83A73622A01D1200701F80 /* APCObjectLock.h */ = {isa = PBXFileReference; lastKnownFileType = sourcecode.c.h; path = APCObjectLock.h; sourceTree = "<group>"; };
		9F83A73722A01D1200701F80 /* APCObjectLock.mm */ = {isa = PBXFileReference; lastKnownFileType = sourcecode.cpp.objcpp; path = APCObjectLock.mm; sourceTree = "<group>"; };
/* End PBXFileReference section */

/* Begin PBXFrameworksBuildPhase section */
		45B12F7A225B2C06002D825E /* Frameworks */ = {
			isa = PBXFrameworksBuildPhase;
			buildActionMask = 2147483647;
			files = (
			);
			runOnlyForDeploymentPostprocessing = 0;
		};
/* End PBXFrameworksBuildPhase section */

/* Begin PBXGroup section */
		456B1BF02293F1D9001840FA /* APCStringkeyStringCluster */ = {
			isa = PBXGroup;
			children = (
				45CFD61C22925740000C9438 /* APCMultipleStringkeyString.h */,
				45CFD61D22925740000C9438 /* APCMultipleStringkeyString.m */,
				456B1BEC2293E96E001840FA /* APCMutableStringkeyString.h */,
				456B1BED2293E96E001840FA /* APCMutableStringkeyString.m */,
				456B1BE3229395C8001840FA /* APCSingleStringkeyString.h */,
				456B1BE4229395C8001840FA /* APCSingleStringkeyString.m */,
			);
			path = APCStringkeyStringCluster;
			sourceTree = "<group>";
		};
		45B12F74225B2C06002D825E = {
			isa = PBXGroup;
			children = (
				45B12F7F225B2C06002D825E /* AutoPropertyCocoaMacOS */,
				45B12F7E225B2C06002D825E /* Products */,
			);
			sourceTree = "<group>";
		};
		45B12F7E225B2C06002D825E /* Products */ = {
			isa = PBXGroup;
			children = (
				45B12F7D225B2C06002D825E /* AutoPropertyCocoaMacOS.app */,
			);
			name = Products;
			sourceTree = "<group>";
		};
		45B12F7F225B2C06002D825E /* AutoPropertyCocoaMacOS */ = {
			isa = PBXGroup;
			children = (
				45E1CDB1228BF3BB00DCD3F0 /* AutoPropertyCocoa */,
				45B12FDB225B2C9B002D825E /* TestClass */,
				45B12F80225B2C06002D825E /* AppDelegate.h */,
				45B12F81225B2C06002D825E /* AppDelegate.m */,
				45B12F83225B2C07002D825E /* Assets.xcassets */,
				45B12F85225B2C07002D825E /* MainMenu.xib */,
				45B12F88225B2C07002D825E /* Info.plist */,
				45B12F89225B2C07002D825E /* main.m */,
				45B12F8B225B2C07002D825E /* AutoPropertyCocoaMacOS.entitlements */,
			);
			path = AutoPropertyCocoaMacOS;
			sourceTree = "<group>";
		};
		45B12FDB225B2C9B002D825E /* TestClass */ = {
			isa = PBXGroup;
			children = (
				45E1CE01228BF3DE00DCD3F0 /* APCTest.h */,
				45E1CE00228BF3DE00DCD3F0 /* APCTest.m */,
				45B12FDC225B2C9B002D825E /* Person.h */,
				45B12FDF225B2C9B002D825E /* Person.m */,
				45B12FDE225B2C9B002D825E /* Man.h */,
				45B12FDD225B2C9B002D825E /* Man.m */,
				45E1CDFE228BF3DE00DCD3F0 /* Superman.h */,
				45E1CDFF228BF3DE00DCD3F0 /* Superman.m */,
			);
			name = TestClass;
			path = ../../TestClass;
			sourceTree = "<group>";
		};
		45E1CDB1228BF3BB00DCD3F0 /* AutoPropertyCocoa */ = {
			isa = PBXGroup;
			children = (
				45E1CDC6228BF3BB00DCD3F0 /* AutoPropertyCocoa.h */,
				45E1CDCA228BF3BB00DCD3F0 /* APCBasicValueVersionScope.h */,
				45E1CDD5228BF3BB00DCD3F0 /* APCExtScope.h */,
				45E1CDC8228BF3BB00DCD3F0 /* APCRuntime.h */,
				45E1CDD3228BF3BB00DCD3F0 /* APCRuntime.mm */,
				45E1CDCB228BF3BB00DCD3F0 /* APCScope.h */,
				45E1CDB3228BF3BB00DCD3F0 /* APCScope.m */,
				45E1CDC9228BF3BB00DCD3F0 /* APCTypeEncodings.h */,
				45E1CDC7228BF3BB00DCD3F0 /* APCUserEnvironmentSupportObject.h */,
				45E1CDB2228BF3BB00DCD3F0 /* APCUserEnvironmentSupportObject.m */,
				45E1CDD4228BF3BB00DCD3F0 /* NSObject+APCLazyLoad.h */,
				45E1CDC5228BF3BB00DCD3F0 /* NSObject+APCLazyLoad.m */,
				45E1CDC4228BF3BB00DCD3F0 /* NSObject+APCTriggerProperty.h */,
				45E1CDD6228BF3BB00DCD3F0 /* NSObject+APCTriggerProperty.m */,
				45E1CDCC228BF3BB00DCD3F0 /* APCRuntimeObject */,
				45E1CDB4228BF3BB00DCD3F0 /* Category */,
				45E1CDD7228BF3BB00DCD3F0 /* Hook */,
				45E1CDE6228BF3BB00DCD3F0 /* Method */,
				45E1CDB9228BF3BB00DCD3F0 /* Property */,
			);
			name = AutoPropertyCocoa;
			path = ../../AutoPropertyCocoa;
			sourceTree = "<group>";
		};
		45E1CDB4228BF3BB00DCD3F0 /* Category */ = {
			isa = PBXGroup;
			children = (
				45E1CDB6228BF3BB00DCD3F0 /* NSObject+APCExtension.h */,
				45E1CDB8228BF3BB00DCD3F0 /* NSObject+APCExtension.m */,
				45E1CDB5228BF3BB00DCD3F0 /* NSString+APCExtension.h */,
				45E1CDB7228BF3BB00DCD3F0 /* NSString+APCExtension.m */,
			);
			path = Category;
			sourceTree = "<group>";
		};
		45E1CDB9228BF3BB00DCD3F0 /* Property */ = {
			isa = PBXGroup;
			children = (
				45E1CDBE228BF3BB00DCD3F0 /* APCHookProperty.h */,
				45E1CDC1228BF3BB00DCD3F0 /* APCHookProperty.m */,
				45E1CDC2228BF3BB00DCD3F0 /* APCLazyProperty.h */,
				45E1CDBD228BF3BB00DCD3F0 /* APCLazyProperty.m */,
				45E1CDC0228BF3BB00DCD3F0 /* APCProperty.h */,
				45E1CDBB228BF3BB00DCD3F0 /* APCProperty.m */,
				45E1CDC3228BF3BB00DCD3F0 /* APCTriggerGetterProperty.h */,
				45E1CDBC228BF3BB00DCD3F0 /* APCTriggerGetterProperty.m */,
				45E1CDBA228BF3BB00DCD3F0 /* APCTriggerSetterProperty.h */,
				45E1CDBF228BF3BB00DCD3F0 /* APCTriggerSetterProperty.m */,
			);
			path = Property;
			sourceTree = "<group>";
		};
		45E1CDCC228BF3BB00DCD3F0 /* APCRuntimeObject */ = {
			isa = PBXGroup;
			children = (
				45E1CDD0228BF3BB00DCD3F0 /* APCClassInheritanceNode.h */,
				45E1CDCE228BF3BB00DCD3F0 /* APCClassInheritanceNode.m */,
				45E1CDD1228BF3BB00DCD3F0 /* APCClassInheritanceTree.h */,
				45E1CDCD228BF3BB00DCD3F0 /* APCClassInheritanceTree.m */,
				45E1CDD2228BF3BB00DCD3F0 /* APCClassMapper.h */,
				45E1CDCF228BF3BB00DCD3F0 /* APCClassMapper.m */,
				45E1CE04228D34F800DCD3F0 /* APCProxyInstanceDisposer.h */,
				45E1CE05228D34F800DCD3F0 /* APCProxyInstanceDisposer.m */,
				456B1BE622939D87001840FA /* APCStringkey.h */,
				456B1BE722939D87001840FA /* APCStringkey.m */,
				456B1BE92293A2C9001840FA /* APCStringkeyString.h */,
				456B1BEA2293A2C9001840FA /* APCStringkeyString.m */,
				456EABA722925491009C5DFB /* APCStringStringDictionary.h */,
				456EABA822925491009C5DFB /* APCStringStringDictionary.m */,
				9F83A73622A01D1200701F80 /* APCObjectLock.h */,
				9F83A73722A01D1200701F80 /* APCObjectLock.mm */,
				456B1BF02293F1D9001840FA /* APCStringkeyStringCluster */,
			);
			path = APCRuntimeObject;
			sourceTree = "<group>";
		};
		45E1CDD7228BF3BB00DCD3F0 /* Hook */ = {
			isa = PBXGroup;
			children = (
				45E1CDDC228BF3BB00DCD3F0 /* apc-objc-runtime */,
				45E1CDD9228BF3BB00DCD3F0 /* APCMethodHook.h */,
				45E1CDDB228BF3BB00DCD3F0 /* APCMethodHook.m */,
				45E1CDDA228BF3BB00DCD3F0 /* APCPropertyHook.h */,
				45E1CDD8228BF3BB00DCD3F0 /* APCPropertyHook.m */,
			);
			path = Hook;
			sourceTree = "<group>";
		};
		45E1CDDC228BF3BB00DCD3F0 /* apc-objc-runtime */ = {
			isa = PBXGroup;
			children = (
				45E1CDDF228BF3BB00DCD3F0 /* apc-fishhook */,
				45E1CDDD228BF3BB00DCD3F0 /* apc-objc-config.h */,
				45E1CDE3228BF3BB00DCD3F0 /* apc-objc-extension.h */,
				45E1CDDE228BF3BB00DCD3F0 /* apc-objc-extension.mm */,
				45E1CDE5228BF3BB00DCD3F0 /* apc-objc-os.h */,
				45E1CDE2228BF3BB00DCD3F0 /* apc-objc-runtimelock.h */,
				45E1CDE4228BF3BB00DCD3F0 /* apc-objc-runtimelock.mm */,
			);
			path = "apc-objc-runtime";
			sourceTree = "<group>";
		};
		45E1CDDF228BF3BB00DCD3F0 /* apc-fishhook */ = {
			isa = PBXGroup;
			children = (
				45E1CDE1228BF3BB00DCD3F0 /* apc-fishhook.h */,
				45E1CDE0228BF3BB00DCD3F0 /* apc-fishhook.c */,
			);
			path = "apc-fishhook";
			sourceTree = "<group>";
		};
		45E1CDE6228BF3BB00DCD3F0 /* Method */ = {
			isa = PBXGroup;
			children = (
				45E1CDE7228BF3BB00DCD3F0 /* APCMethod.h */,
				45E1CDE8228BF3BB00DCD3F0 /* APCMethod.m */,
			);
			path = Method;
			sourceTree = "<group>";
		};
/* End PBXGroup section */

/* Begin PBXNativeTarget section */
		45B12F7C225B2C06002D825E /* AutoPropertyCocoaMacOS */ = {
			isa = PBXNativeTarget;
			buildConfigurationList = 45B12F8E225B2C07002D825E /* Build configuration list for PBXNativeTarget "AutoPropertyCocoaMacOS" */;
			buildPhases = (
				45B12F79225B2C06002D825E /* Sources */,
				45B12F7A225B2C06002D825E /* Frameworks */,
				45B12F7B225B2C06002D825E /* Resources */,
			);
			buildRules = (
			);
			dependencies = (
			);
			name = AutoPropertyCocoaMacOS;
			productName = AutoPropertyCocoaMacOS;
			productReference = 45B12F7D225B2C06002D825E /* AutoPropertyCocoaMacOS.app */;
			productType = "com.apple.product-type.application";
		};
/* End PBXNativeTarget section */

/* Begin PBXProject section */
		45B12F75225B2C06002D825E /* Project object */ = {
			isa = PBXProject;
			attributes = {
				LastUpgradeCheck = 1020;
				ORGANIZATIONNAME = Novo;
				TargetAttributes = {
					45B12F7C225B2C06002D825E = {
						CreatedOnToolsVersion = 10.2;
					};
				};
			};
			buildConfigurationList = 45B12F78225B2C06002D825E /* Build configuration list for PBXProject "AutoPropertyCocoaMacOS" */;
			compatibilityVersion = "Xcode 9.3";
			developmentRegion = en;
			hasScannedForEncodings = 0;
			knownRegions = (
				en,
				Base,
			);
			mainGroup = 45B12F74225B2C06002D825E;
			productRefGroup = 45B12F7E225B2C06002D825E /* Products */;
			projectDirPath = "";
			projectRoot = "";
			targets = (
				45B12F7C225B2C06002D825E /* AutoPropertyCocoaMacOS */,
			);
		};
/* End PBXProject section */

/* Begin PBXResourcesBuildPhase section */
		45B12F7B225B2C06002D825E /* Resources */ = {
			isa = PBXResourcesBuildPhase;
			buildActionMask = 2147483647;
			files = (
				45B12F84225B2C07002D825E /* Assets.xcassets in Resources */,
				45B12F87225B2C07002D825E /* MainMenu.xib in Resources */,
			);
			runOnlyForDeploymentPostprocessing = 0;
		};
/* End PBXResourcesBuildPhase section */

/* Begin PBXSourcesBuildPhase section */
		45B12F79225B2C06002D825E /* Sources */ = {
			isa = PBXSourcesBuildPhase;
			buildActionMask = 2147483647;
			files = (
				45E1CE02228BF3DE00DCD3F0 /* Superman.m in Sources */,
				45E1CDF9228BF3BB00DCD3F0 /* APCMethodHook.m in Sources */,
				45E1CDFB228BF3BB00DCD3F0 /* apc-fishhook.c in Sources */,
				45E1CDF8228BF3BB00DCD3F0 /* APCPropertyHook.m in Sources */,
				45E1CDEF228BF3BB00DCD3F0 /* APCLazyProperty.m in Sources */,
				45B12FEB225B2C9B002D825E /* Man.m in Sources */,
				45E1CDEB228BF3BB00DCD3F0 /* NSString+APCExtension.m in Sources */,
				456EABA922925491009C5DFB /* APCStringStringDictionary.m in Sources */,
				45E1CE03228BF3DE00DCD3F0 /* APCTest.m in Sources */,
				45B12FEC225B2C9B002D825E /* Person.m in Sources */,
				45E1CDF1228BF3BB00DCD3F0 /* APCHookProperty.m in Sources */,
				456B1BE822939D87001840FA /* APCStringkey.m in Sources */,
				45E1CDFC228BF3BB00DCD3F0 /* apc-objc-runtimelock.mm in Sources */,
				45E1CDED228BF3BB00DCD3F0 /* APCProperty.m in Sources */,
				45E1CDF0228BF3BB00DCD3F0 /* APCTriggerSetterProperty.m in Sources */,
				45B12F8A225B2C07002D825E /* main.m in Sources */,
				45E1CDEE228BF3BB00DCD3F0 /* APCTriggerGetterProperty.m in Sources */,
				45E1CDEA228BF3BB00DCD3F0 /* APCScope.m in Sources */,
				45E1CDF5228BF3BB00DCD3F0 /* APCClassMapper.m in Sources */,
				456B1BEB2293A2C9001840FA /* APCStringkeyString.m in Sources */,
				45E1CDF3228BF3BB00DCD3F0 /* APCClassInheritanceTree.m in Sources */,
				45E1CDF2228BF3BB00DCD3F0 /* NSObject+APCLazyLoad.m in Sources */,
				45B12F82225B2C06002D825E /* AppDelegate.m in Sources */,
				45E1CDFA228BF3BB00DCD3F0 /* apc-objc-extension.mm in Sources */,
				45E1CDEC228BF3BB00DCD3F0 /* NSObject+APCExtension.m in Sources */,
				45E1CDFD228BF3BB00DCD3F0 /* APCMethod.m in Sources */,
				45E1CDF4228BF3BB00DCD3F0 /* APCClassInheritanceNode.m in Sources */,
				45CFD61E22925740000C9438 /* APCMultipleStringkeyString.m in Sources */,
				456B1BEE2293E96F001840FA /* APCMutableStringkeyString.m in Sources */,
				9F83A73822A01D1200701F80 /* APCObjectLock.mm in Sources */,
				45E1CDF7228BF3BB00DCD3F0 /* NSObject+APCTriggerProperty.m in Sources */,
				45E1CE06228D34F800DCD3F0 /* APCProxyInstanceDisposer.m in Sources */,
				456B1BE5229395C8001840FA /* APCSingleStringkeyString.m in Sources */,
				45E1CDE9228BF3BB00DCD3F0 /* APCUserEnvironmentSupportObject.m in Sources */,
				45E1CDF6228BF3BB00DCD3F0 /* APCRuntime.mm in Sources */,
			);
			runOnlyForDeploymentPostprocessing = 0;
		};
/* End PBXSourcesBuildPhase section */

/* Begin PBXVariantGroup section */
		45B12F85225B2C07002D825E /* MainMenu.xib */ = {
			isa = PBXVariantGroup;
			children = (
				45B12F86225B2C07002D825E /* Base */,
			);
			name = MainMenu.xib;
			sourceTree = "<group>";
		};
/* End PBXVariantGroup section */

/* Begin XCBuildConfiguration section */
		45B12F8C225B2C07002D825E /* Debug */ = {
			isa = XCBuildConfiguration;
			buildSettings = {
				ALWAYS_SEARCH_USER_PATHS = NO;
				CLANG_ANALYZER_NONNULL = YES;
				CLANG_ANALYZER_NUMBER_OBJECT_CONVERSION = YES_AGGRESSIVE;
				CLANG_CXX_LANGUAGE_STANDARD = "gnu++14";
				CLANG_CXX_LIBRARY = "libc++";
				CLANG_ENABLE_MODULES = YES;
				CLANG_ENABLE_OBJC_ARC = YES;
				CLANG_ENABLE_OBJC_WEAK = YES;
				CLANG_WARN_BLOCK_CAPTURE_AUTORELEASING = YES;
				CLANG_WARN_BOOL_CONVERSION = YES;
				CLANG_WARN_COMMA = YES;
				CLANG_WARN_CONSTANT_CONVERSION = YES;
				CLANG_WARN_DEPRECATED_OBJC_IMPLEMENTATIONS = YES;
				CLANG_WARN_DIRECT_OBJC_ISA_USAGE = YES_ERROR;
				CLANG_WARN_DOCUMENTATION_COMMENTS = YES;
				CLANG_WARN_EMPTY_BODY = YES;
				CLANG_WARN_ENUM_CONVERSION = YES;
				CLANG_WARN_INFINITE_RECURSION = YES;
				CLANG_WARN_INT_CONVERSION = YES;
				CLANG_WARN_NON_LITERAL_NULL_CONVERSION = YES;
				CLANG_WARN_OBJC_IMPLICIT_RETAIN_SELF = YES;
				CLANG_WARN_OBJC_LITERAL_CONVERSION = YES;
				CLANG_WARN_OBJC_ROOT_CLASS = YES_ERROR;
				CLANG_WARN_RANGE_LOOP_ANALYSIS = YES;
				CLANG_WARN_STRICT_PROTOTYPES = YES;
				CLANG_WARN_SUSPICIOUS_MOVE = YES;
				CLANG_WARN_UNGUARDED_AVAILABILITY = YES_AGGRESSIVE;
				CLANG_WARN_UNREACHABLE_CODE = YES;
				CLANG_WARN__DUPLICATE_METHOD_MATCH = YES;
				CODE_SIGN_IDENTITY = "-";
				COPY_PHASE_STRIP = NO;
				DEBUG_INFORMATION_FORMAT = dwarf;
				ENABLE_STRICT_OBJC_MSGSEND = YES;
				ENABLE_TESTABILITY = YES;
				GCC_C_LANGUAGE_STANDARD = gnu11;
				GCC_DYNAMIC_NO_PIC = NO;
				GCC_NO_COMMON_BLOCKS = YES;
				GCC_OPTIMIZATION_LEVEL = 0;
				GCC_PREPROCESSOR_DEFINITIONS = (
					"DEBUG=1",
					"$(inherited)",
				);
				GCC_WARN_64_TO_32_BIT_CONVERSION = YES;
				GCC_WARN_ABOUT_RETURN_TYPE = YES_ERROR;
				GCC_WARN_UNDECLARED_SELECTOR = YES;
				GCC_WARN_UNINITIALIZED_AUTOS = YES_AGGRESSIVE;
				GCC_WARN_UNUSED_FUNCTION = YES;
				GCC_WARN_UNUSED_VARIABLE = YES;
				MACOSX_DEPLOYMENT_TARGET = 10.14;
				MTL_ENABLE_DEBUG_INFO = INCLUDE_SOURCE;
				MTL_FAST_MATH = YES;
				ONLY_ACTIVE_ARCH = YES;
				SDKROOT = macosx;
			};
			name = Debug;
		};
		45B12F8D225B2C07002D825E /* Release */ = {
			isa = XCBuildConfiguration;
			buildSettings = {
				ALWAYS_SEARCH_USER_PATHS = NO;
				CLANG_ANALYZER_NONNULL = YES;
				CLANG_ANALYZER_NUMBER_OBJECT_CONVERSION = YES_AGGRESSIVE;
				CLANG_CXX_LANGUAGE_STANDARD = "gnu++14";
				CLANG_CXX_LIBRARY = "libc++";
				CLANG_ENABLE_MODULES = YES;
				CLANG_ENABLE_OBJC_ARC = YES;
				CLANG_ENABLE_OBJC_WEAK = YES;
				CLANG_WARN_BLOCK_CAPTURE_AUTORELEASING = YES;
				CLANG_WARN_BOOL_CONVERSION = YES;
				CLANG_WARN_COMMA = YES;
				CLANG_WARN_CONSTANT_CONVERSION = YES;
				CLANG_WARN_DEPRECATED_OBJC_IMPLEMENTATIONS = YES;
				CLANG_WARN_DIRECT_OBJC_ISA_USAGE = YES_ERROR;
				CLANG_WARN_DOCUMENTATION_COMMENTS = YES;
				CLANG_WARN_EMPTY_BODY = YES;
				CLANG_WARN_ENUM_CONVERSION = YES;
				CLANG_WARN_INFINITE_RECURSION = YES;
				CLANG_WARN_INT_CONVERSION = YES;
				CLANG_WARN_NON_LITERAL_NULL_CONVERSION = YES;
				CLANG_WARN_OBJC_IMPLICIT_RETAIN_SELF = YES;
				CLANG_WARN_OBJC_LITERAL_CONVERSION = YES;
				CLANG_WARN_OBJC_ROOT_CLASS = YES_ERROR;
				CLANG_WARN_RANGE_LOOP_ANALYSIS = YES;
				CLANG_WARN_STRICT_PROTOTYPES = YES;
				CLANG_WARN_SUSPICIOUS_MOVE = YES;
				CLANG_WARN_UNGUARDED_AVAILABILITY = YES_AGGRESSIVE;
				CLANG_WARN_UNREACHABLE_CODE = YES;
				CLANG_WARN__DUPLICATE_METHOD_MATCH = YES;
				CODE_SIGN_IDENTITY = "-";
				COPY_PHASE_STRIP = NO;
				DEBUG_INFORMATION_FORMAT = "dwarf-with-dsym";
				ENABLE_NS_ASSERTIONS = NO;
				ENABLE_STRICT_OBJC_MSGSEND = YES;
				GCC_C_LANGUAGE_STANDARD = gnu11;
				GCC_NO_COMMON_BLOCKS = YES;
				GCC_WARN_64_TO_32_BIT_CONVERSION = YES;
				GCC_WARN_ABOUT_RETURN_TYPE = YES_ERROR;
				GCC_WARN_UNDECLARED_SELECTOR = YES;
				GCC_WARN_UNINITIALIZED_AUTOS = YES_AGGRESSIVE;
				GCC_WARN_UNUSED_FUNCTION = YES;
				GCC_WARN_UNUSED_VARIABLE = YES;
				MACOSX_DEPLOYMENT_TARGET = 10.14;
				MTL_ENABLE_DEBUG_INFO = NO;
				MTL_FAST_MATH = YES;
				SDKROOT = macosx;
			};
			name = Release;
		};
		45B12F8F225B2C07002D825E /* Debug */ = {
			isa = XCBuildConfiguration;
			buildSettings = {
				ASSETCATALOG_COMPILER_APPICON_NAME = AppIcon;
				CODE_SIGN_ENTITLEMENTS = AutoPropertyCocoaMacOS/AutoPropertyCocoaMacOS.entitlements;
				CODE_SIGN_STYLE = Automatic;
				COMBINE_HIDPI_IMAGES = YES;
				INFOPLIST_FILE = AutoPropertyCocoaMacOS/Info.plist;
				LD_RUNPATH_SEARCH_PATHS = (
					"$(inherited)",
					"@executable_path/../Frameworks",
				);
				PRODUCT_BUNDLE_IDENTIFIER = Novo.AutoPropertyCocoaMacOS;
				PRODUCT_NAME = "$(TARGET_NAME)";
			};
			name = Debug;
		};
		45B12F90225B2C07002D825E /* Release */ = {
			isa = XCBuildConfiguration;
			buildSettings = {
				ASSETCATALOG_COMPILER_APPICON_NAME = AppIcon;
				CODE_SIGN_ENTITLEMENTS = AutoPropertyCocoaMacOS/AutoPropertyCocoaMacOS.entitlements;
				CODE_SIGN_STYLE = Automatic;
				COMBINE_HIDPI_IMAGES = YES;
				INFOPLIST_FILE = AutoPropertyCocoaMacOS/Info.plist;
				LD_RUNPATH_SEARCH_PATHS = (
					"$(inherited)",
					"@executable_path/../Frameworks",
				);
				PRODUCT_BUNDLE_IDENTIFIER = Novo.AutoPropertyCocoaMacOS;
				PRODUCT_NAME = "$(TARGET_NAME)";
			};
			name = Release;
		};
/* End XCBuildConfiguration section */

/* Begin XCConfigurationList section */
		45B12F78225B2C06002D825E /* Build configuration list for PBXProject "AutoPropertyCocoaMacOS" */ = {
			isa = XCConfigurationList;
			buildConfigurations = (
				45B12F8C225B2C07002D825E /* Debug */,
				45B12F8D225B2C07002D825E /* Release */,
			);
			defaultConfigurationIsVisible = 0;
			defaultConfigurationName = Release;
		};
		45B12F8E225B2C07002D825E /* Build configuration list for PBXNativeTarget "AutoPropertyCocoaMacOS" */ = {
			isa = XCConfigurationList;
			buildConfigurations = (
				45B12F8F225B2C07002D825E /* Debug */,
				45B12F90225B2C07002D825E /* Release */,
			);
			defaultConfigurationIsVisible = 0;
			defaultConfigurationName = Release;
		};
/* End XCConfigurationList section */
	};
	rootObject = 45B12F75225B2C06002D825E /* Project object */;
}
