// !$*UTF8*$!
{
	archiveVersion = 1;
	classes = {
	};
	objectVersion = 50;
	objects = {

/* Begin PBXBuildFile section */
		9FA4B9F7227F1BDF001EAE14 /* main.m in Sources */ = {isa = PBXBuildFile; fileRef = 9FA4B9F6227F1BDF001EAE14 /* main.m */; };
		9FA4BA04227F3686001EAE14 /* Person.m in Sources */ = {isa = PBXBuildFile; fileRef = 9FA4BA03227F3686001EAE14 /* Person.m */; };
		9FA4BA07227F3692001EAE14 /* Man.m in Sources */ = {isa = PBXBuildFile; fileRef = 9FA4BA06227F3692001EAE14 /* Man.m */; };
		9FA4BA0B227F3E92001EAE14 /* Foundation.framework in Frameworks */ = {isa = PBXBuildFile; fileRef = 9FA4BA0A227F3E92001EAE14 /* Foundation.framework */; };
/* End PBXBuildFile section */

/* Begin PBXCopyFilesBuildPhase section */
		9FA4B9F1227F1BDE001EAE14 /* CopyFiles */ = {
			isa = PBXCopyFilesBuildPhase;
			buildActionMask = 2147483647;
			dstPath = /usr/share/man/man1/;
			dstSubfolderSpec = 0;
			files = (
			);
			runOnlyForDeploymentPostprocessing = 1;
		};
/* End PBXCopyFilesBuildPhase section */

/* Begin PBXFileReference section */
		9FA4B9F3227F1BDF001EAE14 /* TestRuntime+APC */ = {isa = PBXFileReference; explicitFileType = "compiled.mach-o.executable"; includeInIndex = 0; path = "TestRuntime+APC"; sourceTree = BUILT_PRODUCTS_DIR; };
		9FA4B9F6227F1BDF001EAE14 /* main.m */ = {isa = PBXFileReference; lastKnownFileType = sourcecode.c.objc; path = main.m; sourceTree = "<group>"; };
		9FA4BA02227F3686001EAE14 /* Person.h */ = {isa = PBXFileReference; lastKnownFileType = sourcecode.c.h; path = Person.h; sourceTree = "<group>"; };
		9FA4BA03227F3686001EAE14 /* Person.m */ = {isa = PBXFileReference; lastKnownFileType = sourcecode.c.objc; path = Person.m; sourceTree = "<group>"; };
		9FA4BA05227F3692001EAE14 /* Man.h */ = {isa = PBXFileReference; lastKnownFileType = sourcecode.c.h; path = Man.h; sourceTree = "<group>"; };
		9FA4BA06227F3692001EAE14 /* Man.m */ = {isa = PBXFileReference; lastKnownFileType = sourcecode.c.objc; path = Man.m; sourceTree = "<group>"; };
		9FA4BA0A227F3E92001EAE14 /* Foundation.framework */ = {isa = PBXFileReference; lastKnownFileType = wrapper.framework; name = Foundation.framework; path = System/Library/Frameworks/Foundation.framework; sourceTree = SDKROOT; };
/* End PBXFileReference section */

/* Begin PBXFrameworksBuildPhase section */
		9FA4B9F0227F1BDE001EAE14 /* Frameworks */ = {
			isa = PBXFrameworksBuildPhase;
			buildActionMask = 2147483647;
			files = (
				9FA4BA0B227F3E92001EAE14 /* Foundation.framework in Frameworks */,
			);
			runOnlyForDeploymentPostprocessing = 0;
		};
/* End PBXFrameworksBuildPhase section */

/* Begin PBXGroup section */
		9FA4B9EA227F1BDE001EAE14 = {
			isa = PBXGroup;
			children = (
				9FA4B9F5227F1BDF001EAE14 /* TestRuntime+APC */,
				9FA4B9F4227F1BDF001EAE14 /* Products */,
				9FA4BA09227F3E91001EAE14 /* Frameworks */,
			);
			sourceTree = "<group>";
		};
		9FA4B9F4227F1BDF001EAE14 /* Products */ = {
			isa = PBXGroup;
			children = (
				9FA4B9F3227F1BDF001EAE14 /* TestRuntime+APC */,
			);
			name = Products;
			sourceTree = "<group>";
		};
		9FA4B9F5227F1BDF001EAE14 /* TestRuntime+APC */ = {
			isa = PBXGroup;
			children = (
				9FA4BA08227F3700001EAE14 /* Testclass */,
				9FA4B9F6227F1BDF001EAE14 /* main.m */,
			);
			path = "TestRuntime+APC";
			sourceTree = "<group>";
		};
		9FA4BA08227F3700001EAE14 /* Testclass */ = {
			isa = PBXGroup;
			children = (
				9FA4BA02227F3686001EAE14 /* Person.h */,
				9FA4BA03227F3686001EAE14 /* Person.m */,
				9FA4BA05227F3692001EAE14 /* Man.h */,
				9FA4BA06227F3692001EAE14 /* Man.m */,
			);
			path = Testclass;
			sourceTree = "<group>";
		};
		9FA4BA09227F3E91001EAE14 /* Frameworks */ = {
			isa = PBXGroup;
			children = (
				9FA4BA0A227F3E92001EAE14 /* Foundation.framework */,
			);
			name = Frameworks;
			sourceTree = "<group>";
		};
/* End PBXGroup section */

/* Begin PBXNativeTarget section */
		9FA4B9F2227F1BDE001EAE14 /* TestRuntime+APC */ = {
			isa = PBXNativeTarget;
			buildConfigurationList = 9FA4B9FA227F1BDF001EAE14 /* Build configuration list for PBXNativeTarget "TestRuntime+APC" */;
			buildPhases = (
				9FA4B9EF227F1BDE001EAE14 /* Sources */,
				9FA4B9F0227F1BDE001EAE14 /* Frameworks */,
				9FA4B9F1227F1BDE001EAE14 /* CopyFiles */,
			);
			buildRules = (
			);
			dependencies = (
			);
			name = "TestRuntime+APC";
			productName = "TestRuntime+APC";
			productReference = 9FA4B9F3227F1BDF001EAE14 /* TestRuntime+APC */;
			productType = "com.apple.product-type.tool";
		};
/* End PBXNativeTarget section */

/* Begin PBXProject section */
		9FA4B9EB227F1BDE001EAE14 /* Project object */ = {
			isa = PBXProject;
			attributes = {
				LastUpgradeCheck = 1010;
				ORGANIZATIONNAME = NOVO;
				TargetAttributes = {
					9FA4B9F2227F1BDE001EAE14 = {
						CreatedOnToolsVersion = 10.1;
					};
				};
			};
			buildConfigurationList = 9FA4B9EE227F1BDE001EAE14 /* Build configuration list for PBXProject "TestRuntime+APC" */;
			compatibilityVersion = "Xcode 9.3";
			developmentRegion = en;
			hasScannedForEncodings = 0;
			knownRegions = (
				en,
			);
			mainGroup = 9FA4B9EA227F1BDE001EAE14;
			productRefGroup = 9FA4B9F4227F1BDF001EAE14 /* Products */;
			projectDirPath = "";
			projectRoot = "";
			targets = (
				9FA4B9F2227F1BDE001EAE14 /* TestRuntime+APC */,
			);
		};
/* End PBXProject section */

/* Begin PBXSourcesBuildPhase section */
		9FA4B9EF227F1BDE001EAE14 /* Sources */ = {
			isa = PBXSourcesBuildPhase;
			buildActionMask = 2147483647;
			files = (
				9FA4BA07227F3692001EAE14 /* Man.m in Sources */,
				9FA4BA04227F3686001EAE14 /* Person.m in Sources */,
				9FA4B9F7227F1BDF001EAE14 /* main.m in Sources */,
			);
			runOnlyForDeploymentPostprocessing = 0;
		};
/* End PBXSourcesBuildPhase section */

/* Begin XCBuildConfiguration section */
		9FA4B9F8227F1BDF001EAE14 /* Debug */ = {
			isa = XCBuildConfiguration;
			buildSettings = {
				ALWAYS_SEARCH_USER_PATHS = NO;
				CLANG_ANALYZER_NONNULL = YES;
				CLANG_ANALYZER_NUMBER_OBJECT_CONVERSION = YES_AGGRESSIVE;
				CLANG_CXX_LANGUAGE_STANDARD = "gnu++14";
				CLANG_CXX_LIBRARY = "libc++";
				CLANG_ENABLE_MODULES = YES;
				CLANG_ENABLE_OBJC_ARC = YES;
				CLANG_ENABLE_OBJC_WEAK = YES;
				CLANG_WARN_BLOCK_CAPTURE_AUTORELEASING = YES;
				CLANG_WARN_BOOL_CONVERSION = YES;
				CLANG_WARN_COMMA = YES;
				CLANG_WARN_CONSTANT_CONVERSION = YES;
				CLANG_WARN_DEPRECATED_OBJC_IMPLEMENTATIONS = YES;
				CLANG_WARN_DIRECT_OBJC_ISA_USAGE = YES_ERROR;
				CLANG_WARN_DOCUMENTATION_COMMENTS = YES;
				CLANG_WARN_EMPTY_BODY = YES;
				CLANG_WARN_ENUM_CONVERSION = YES;
				CLANG_WARN_INFINITE_RECURSION = YES;
				CLANG_WARN_INT_CONVERSION = YES;
				CLANG_WARN_NON_LITERAL_NULL_CONVERSION = YES;
				CLANG_WARN_OBJC_IMPLICIT_RETAIN_SELF = YES;
				CLANG_WARN_OBJC_LITERAL_CONVERSION = YES;
				CLANG_WARN_OBJC_ROOT_CLASS = YES_ERROR;
				CLANG_WARN_RANGE_LOOP_ANALYSIS = YES;
				CLANG_WARN_STRICT_PROTOTYPES = YES;
				CLANG_WARN_SUSPICIOUS_MOVE = YES;
				CLANG_WARN_UNGUARDED_AVAILABILITY = YES_AGGRESSIVE;
				CLANG_WARN_UNREACHABLE_CODE = YES;
				CLANG_WARN__DUPLICATE_METHOD_MATCH = YES;
				CODE_SIGN_IDENTITY = "-";
				COPY_PHASE_STRIP = NO;
				DEBUG_INFORMATION_FORMAT = dwarf;
				ENABLE_STRICT_OBJC_MSGSEND = YES;
				ENABLE_TESTABILITY = YES;
				GCC_C_LANGUAGE_STANDARD = gnu11;
				GCC_DYNAMIC_NO_PIC = NO;
				GCC_NO_COMMON_BLOCKS = YES;
				GCC_OPTIMIZATION_LEVEL = 0;
				GCC_PREPROCESSOR_DEFINITIONS = (
					"DEBUG=1",
					"$(inherited)",
				);
				GCC_WARN_64_TO_32_BIT_CONVERSION = YES;
				GCC_WARN_ABOUT_RETURN_TYPE = YES_ERROR;
				GCC_WARN_UNDECLARED_SELECTOR = YES;
				GCC_WARN_UNINITIALIZED_AUTOS = YES_AGGRESSIVE;
				GCC_WARN_UNUSED_FUNCTION = YES;
				GCC_WARN_UNUSED_VARIABLE = YES;
				MACOSX_DEPLOYMENT_TARGET = 10.14;
				MTL_ENABLE_DEBUG_INFO = INCLUDE_SOURCE;
				MTL_FAST_MATH = YES;
				ONLY_ACTIVE_ARCH = YES;
				SDKROOT = macosx;
			};
			name = Debug;
		};
		9FA4B9F9227F1BDF001EAE14 /* Release */ = {
			isa = XCBuildConfiguration;
			buildSettings = {
				ALWAYS_SEARCH_USER_PATHS = NO;
				CLANG_ANALYZER_NONNULL = YES;
				CLANG_ANALYZER_NUMBER_OBJECT_CONVERSION = YES_AGGRESSIVE;
				CLANG_CXX_LANGUAGE_STANDARD = "gnu++14";
				CLANG_CXX_LIBRARY = "libc++";
				CLANG_ENABLE_MODULES = YES;
				CLANG_ENABLE_OBJC_ARC = YES;
				CLANG_ENABLE_OBJC_WEAK = YES;
				CLANG_WARN_BLOCK_CAPTURE_AUTORELEASING = YES;
				CLANG_WARN_BOOL_CONVERSION = YES;
				CLANG_WARN_COMMA = YES;
				CLANG_WARN_CONSTANT_CONVERSION = YES;
				CLANG_WARN_DEPRECATED_OBJC_IMPLEMENTATIONS = YES;
				CLANG_WARN_DIRECT_OBJC_ISA_USAGE = YES_ERROR;
				CLANG_WARN_DOCUMENTATION_COMMENTS = YES;
				CLANG_WARN_EMPTY_BODY = YES;
				CLANG_WARN_ENUM_CONVERSION = YES;
				CLANG_WARN_INFINITE_RECURSION = YES;
				CLANG_WARN_INT_CONVERSION = YES;
				CLANG_WARN_NON_LITERAL_NULL_CONVERSION = YES;
				CLANG_WARN_OBJC_IMPLICIT_RETAIN_SELF = YES;
				CLANG_WARN_OBJC_LITERAL_CONVERSION = YES;
				CLANG_WARN_OBJC_ROOT_CLASS = YES_ERROR;
				CLANG_WARN_RANGE_LOOP_ANALYSIS = YES;
				CLANG_WARN_STRICT_PROTOTYPES = YES;
				CLANG_WARN_SUSPICIOUS_MOVE = YES;
				CLANG_WARN_UNGUARDED_AVAILABILITY = YES_AGGRESSIVE;
				CLANG_WARN_UNREACHABLE_CODE = YES;
				CLANG_WARN__DUPLICATE_METHOD_MATCH = YES;
				CODE_SIGN_IDENTITY = "-";
				COPY_PHASE_STRIP = NO;
				DEBUG_INFORMATION_FORMAT = "dwarf-with-dsym";
				ENABLE_NS_ASSERTIONS = NO;
				ENABLE_STRICT_OBJC_MSGSEND = YES;
				GCC_C_LANGUAGE_STANDARD = gnu11;
				GCC_NO_COMMON_BLOCKS = YES;
				GCC_WARN_64_TO_32_BIT_CONVERSION = YES;
				GCC_WARN_ABOUT_RETURN_TYPE = YES_ERROR;
				GCC_WARN_UNDECLARED_SELECTOR = YES;
				GCC_WARN_UNINITIALIZED_AUTOS = YES_AGGRESSIVE;
				GCC_WARN_UNUSED_FUNCTION = YES;
				GCC_WARN_UNUSED_VARIABLE = YES;
				MACOSX_DEPLOYMENT_TARGET = 10.14;
				MTL_ENABLE_DEBUG_INFO = NO;
				MTL_FAST_MATH = YES;
				SDKROOT = macosx;
			};
			name = Release;
		};
		9FA4B9FB227F1BDF001EAE14 /* Debug */ = {
			isa = XCBuildConfiguration;
			buildSettings = {
				CODE_SIGN_STYLE = Automatic;
				OTHER_LDFLAGS = (
					"-ObjC",
					"-lstdc++",
				);
				PRODUCT_NAME = "$(TARGET_NAME)";
				VALID_ARCHS = "i386 x86_64";
			};
			name = Debug;
		};
		9FA4B9FC227F1BDF001EAE14 /* Release */ = {
			isa = XCBuildConfiguration;
			buildSettings = {
				CODE_SIGN_STYLE = Automatic;
				OTHER_LDFLAGS = (
					"-ObjC",
					"-lstdc++",
				);
				PRODUCT_NAME = "$(TARGET_NAME)";
				VALID_ARCHS = "i386 x86_64";
			};
			name = Release;
		};
/* End XCBuildConfiguration section */

/* Begin XCConfigurationList section */
		9FA4B9EE227F1BDE001EAE14 /* Build configuration list for PBXProject "TestRuntime+APC" */ = {
			isa = XCConfigurationList;
			buildConfigurations = (
				9FA4B9F8227F1BDF001EAE14 /* Debug */,
				9FA4B9F9227F1BDF001EAE14 /* Release */,
			);
			defaultConfigurationIsVisible = 0;
			defaultConfigurationName = Release;
		};
		9FA4B9FA227F1BDF001EAE14 /* Build configuration list for PBXNativeTarget "TestRuntime+APC" */ = {
			isa = XCConfigurationList;
			buildConfigurations = (
				9FA4B9FB227F1BDF001EAE14 /* Debug */,
				9FA4B9FC227F1BDF001EAE14 /* Release */,
			);
			defaultConfigurationIsVisible = 0;
			defaultConfigurationName = Release;
		};
/* End XCConfigurationList section */
	};
	rootObject = 9FA4B9EB227F1BDE001EAE14 /* Project object */;
}
