// !$*UTF8*$!
{
	archiveVersion = 1;
	classes = {
	};
	objectVersion = 50;
	objects = {

/* Begin PBXBuildFile section */
		456FC471225DBFBF006CD604 /* Superman.m in Sources */ = {isa = PBXBuildFile; fileRef = 456FC470225DBFBF006CD604 /* Superman.m */; };
		4599114F22A2C940003EBD21 /* APCUserEnvironmentSupportObject.m in Sources */ = {isa = PBXBuildFile; fileRef = 4599110322A2C93F003EBD21 /* APCUserEnvironmentSupportObject.m */; };
		4599115022A2C940003EBD21 /* APCScope.m in Sources */ = {isa = PBXBuildFile; fileRef = 4599110422A2C93F003EBD21 /* APCScope.m */; };
		4599115122A2C940003EBD21 /* NSString+APCExtension.m in Sources */ = {isa = PBXBuildFile; fileRef = 4599110822A2C93F003EBD21 /* NSString+APCExtension.m */; };
		4599115222A2C940003EBD21 /* NSObject+APCExtension.m in Sources */ = {isa = PBXBuildFile; fileRef = 4599110922A2C93F003EBD21 /* NSObject+APCExtension.m */; };
		4599115322A2C940003EBD21 /* APCProperty.m in Sources */ = {isa = PBXBuildFile; fileRef = 4599110C22A2C93F003EBD21 /* APCProperty.m */; };
		4599115422A2C940003EBD21 /* APCTriggerGetterProperty.m in Sources */ = {isa = PBXBuildFile; fileRef = 4599110D22A2C93F003EBD21 /* APCTriggerGetterProperty.m */; };
		4599115522A2C940003EBD21 /* APCLazyProperty.m in Sources */ = {isa = PBXBuildFile; fileRef = 4599110E22A2C93F003EBD21 /* APCLazyProperty.m */; };
		4599115622A2C940003EBD21 /* APCTriggerSetterProperty.m in Sources */ = {isa = PBXBuildFile; fileRef = 4599111022A2C93F003EBD21 /* APCTriggerSetterProperty.m */; };
		4599115722A2C940003EBD21 /* APCHookProperty.m in Sources */ = {isa = PBXBuildFile; fileRef = 4599111222A2C93F003EBD21 /* APCHookProperty.m */; };
		4599115822A2C940003EBD21 /* NSObject+APCLazyLoad.m in Sources */ = {isa = PBXBuildFile; fileRef = 4599111622A2C93F003EBD21 /* NSObject+APCLazyLoad.m */; };
		4599115922A2C940003EBD21 /* APCClassInheritanceTree.m in Sources */ = {isa = PBXBuildFile; fileRef = 4599111F22A2C93F003EBD21 /* APCClassInheritanceTree.m */; };
		4599115A22A2C940003EBD21 /* APCClassInheritanceNode.m in Sources */ = {isa = PBXBuildFile; fileRef = 4599112022A2C93F003EBD21 /* APCClassInheritanceNode.m */; };
		4599115B22A2C940003EBD21 /* APCStringkeyString.m in Sources */ = {isa = PBXBuildFile; fileRef = 4599112222A2C93F003EBD21 /* APCStringkeyString.m */; };
		4599115C22A2C940003EBD21 /* APCClassMapper.m in Sources */ = {isa = PBXBuildFile; fileRef = 4599112322A2C93F003EBD21 /* APCClassMapper.m */; };
		4599115D22A2C940003EBD21 /* APCMultipleStringkeyString.m in Sources */ = {isa = PBXBuildFile; fileRef = 4599112922A2C93F003EBD21 /* APCMultipleStringkeyString.m */; };
		4599115E22A2C940003EBD21 /* APCMutableStringkeyString.m in Sources */ = {isa = PBXBuildFile; fileRef = 4599112A22A2C93F003EBD21 /* APCMutableStringkeyString.m */; };
		4599115F22A2C940003EBD21 /* APCSingleStringkeyString.m in Sources */ = {isa = PBXBuildFile; fileRef = 4599112B22A2C93F003EBD21 /* APCSingleStringkeyString.m */; };
		4599116022A2C940003EBD21 /* APCObjectLock.mm in Sources */ = {isa = PBXBuildFile; fileRef = 4599112E22A2C93F003EBD21 /* APCObjectLock.mm */; };
		4599116222A2C940003EBD21 /* APCStringkey.m in Sources */ = {isa = PBXBuildFile; fileRef = 4599113422A2C93F003EBD21 /* APCStringkey.m */; };
		4599116422A2C940003EBD21 /* APCProxyInstanceDisposer.m in Sources */ = {isa = PBXBuildFile; fileRef = 4599113722A2C93F003EBD21 /* APCProxyInstanceDisposer.m */; };
		4599116522A2C940003EBD21 /* APCStringStringDictionary.m in Sources */ = {isa = PBXBuildFile; fileRef = 4599113822A2C93F003EBD21 /* APCStringStringDictionary.m */; };
		4599116622A2C940003EBD21 /* APCRuntime.mm in Sources */ = {isa = PBXBuildFile; fileRef = 4599113922A2C93F003EBD21 /* APCRuntime.mm */; };
		4599116722A2C940003EBD21 /* NSObject+APCTriggerTransaction.m in Sources */ = {isa = PBXBuildFile; fileRef = 4599113C22A2C93F003EBD21 /* NSObject+APCTriggerTransaction.m */; };
		4599116822A2C940003EBD21 /* APCMethodHook.m in Sources */ = {isa = PBXBuildFile; fileRef = 4599114022A2C93F003EBD21 /* APCMethodHook.m */; };
		4599116922A2C940003EBD21 /* APCPropertyHook.m in Sources */ = {isa = PBXBuildFile; fileRef = 4599114122A2C93F003EBD21 /* APCPropertyHook.m */; };
		4599116A22A2C940003EBD21 /* apc-objc-extension.mm in Sources */ = {isa = PBXBuildFile; fileRef = 4599114422A2C93F003EBD21 /* apc-objc-extension.mm */; };
		4599116B22A2C940003EBD21 /* apc-fishhook.c in Sources */ = {isa = PBXBuildFile; fileRef = 4599114622A2C93F003EBD21 /* apc-fishhook.c */; };
		4599116C22A2C940003EBD21 /* apc-objc-runtimelock.mm in Sources */ = {isa = PBXBuildFile; fileRef = 4599114A22A2C93F003EBD21 /* apc-objc-runtimelock.mm */; };
		4599116D22A2C940003EBD21 /* APCMethod.m in Sources */ = {isa = PBXBuildFile; fileRef = 4599114E22A2C93F003EBD21 /* APCMethod.m */; };
		45B12F60225B2AF3002D825E /* AppDelegate.m in Sources */ = {isa = PBXBuildFile; fileRef = 45B12F5F225B2AF3002D825E /* AppDelegate.m */; };
		45B12F63225B2AF3002D825E /* ViewController.m in Sources */ = {isa = PBXBuildFile; fileRef = 45B12F62225B2AF3002D825E /* ViewController.m */; };
		45B12F68225B2AF6002D825E /* Assets.xcassets in Resources */ = {isa = PBXBuildFile; fileRef = 45B12F67225B2AF6002D825E /* Assets.xcassets */; };
		45B12F6E225B2AF6002D825E /* main.m in Sources */ = {isa = PBXBuildFile; fileRef = 45B12F6D225B2AF6002D825E /* main.m */; };
		45B12FB2225B2C5D002D825E /* Man.m in Sources */ = {isa = PBXBuildFile; fileRef = 45B12F93225B2C5D002D825E /* Man.m */; };
		45B12FB3225B2C5D002D825E /* Person.m in Sources */ = {isa = PBXBuildFile; fileRef = 45B12F95225B2C5D002D825E /* Person.m */; };
		45B12FF5225B31D3002D825E /* APCTest.m in Sources */ = {isa = PBXBuildFile; fileRef = 45B12FF4225B31D3002D825E /* APCTest.m */; };
/* End PBXBuildFile section */

/* Begin PBXFileReference section */
		456FC46F225DBFBE006CD604 /* Superman.h */ = {isa = PBXFileReference; fileEncoding = 4; lastKnownFileType = sourcecode.c.h; path = Superman.h; sourceTree = "<group>"; };
		456FC470225DBFBF006CD604 /* Superman.m */ = {isa = PBXFileReference; fileEncoding = 4; lastKnownFileType = sourcecode.c.objc; path = Superman.m; sourceTree = "<group>"; };
		4599110322A2C93F003EBD21 /* APCUserEnvironmentSupportObject.m */ = {isa = PBXFileReference; fileEncoding = 4; lastKnownFileType = sourcecode.c.objc; path = APCUserEnvironmentSupportObject.m; sourceTree = "<group>"; };
		4599110422A2C93F003EBD21 /* APCScope.m */ = {isa = PBXFileReference; fileEncoding = 4; lastKnownFileType = sourcecode.c.objc; path = APCScope.m; sourceTree = "<group>"; };
		4599110622A2C93F003EBD21 /* NSString+APCExtension.h */ = {isa = PBXFileReference; fileEncoding = 4; lastKnownFileType = sourcecode.c.h; path = "NSString+APCExtension.h"; sourceTree = "<group>"; };
		4599110722A2C93F003EBD21 /* NSObject+APCExtension.h */ = {isa = PBXFileReference; fileEncoding = 4; lastKnownFileType = sourcecode.c.h; path = "NSObject+APCExtension.h"; sourceTree = "<group>"; };
		4599110822A2C93F003EBD21 /* NSString+APCExtension.m */ = {isa = PBXFileReference; fileEncoding = 4; lastKnownFileType = sourcecode.c.objc; path = "NSString+APCExtension.m"; sourceTree = "<group>"; };
		4599110922A2C93F003EBD21 /* NSObject+APCExtension.m */ = {isa = PBXFileReference; fileEncoding = 4; lastKnownFileType = sourcecode.c.objc; path = "NSObject+APCExtension.m"; sourceTree = "<group>"; };
		4599110B22A2C93F003EBD21 /* APCTriggerSetterProperty.h */ = {isa = PBXFileReference; fileEncoding = 4; lastKnownFileType = sourcecode.c.h; path = APCTriggerSetterProperty.h; sourceTree = "<group>"; };
		4599110C22A2C93F003EBD21 /* APCProperty.m */ = {isa = PBXFileReference; fileEncoding = 4; lastKnownFileType = sourcecode.c.objc; path = APCProperty.m; sourceTree = "<group>"; };
		4599110D22A2C93F003EBD21 /* APCTriggerGetterProperty.m */ = {isa = PBXFileReference; fileEncoding = 4; lastKnownFileType = sourcecode.c.objc; path = APCTriggerGetterProperty.m; sourceTree = "<group>"; };
		4599110E22A2C93F003EBD21 /* APCLazyProperty.m */ = {isa = PBXFileReference; fileEncoding = 4; lastKnownFileType = sourcecode.c.objc; path = APCLazyProperty.m; sourceTree = "<group>"; };
		4599110F22A2C93F003EBD21 /* APCHookProperty.h */ = {isa = PBXFileReference; fileEncoding = 4; lastKnownFileType = sourcecode.c.h; path = APCHookProperty.h; sourceTree = "<group>"; };
		4599111022A2C93F003EBD21 /* APCTriggerSetterProperty.m */ = {isa = PBXFileReference; fileEncoding = 4; lastKnownFileType = sourcecode.c.objc; path = APCTriggerSetterProperty.m; sourceTree = "<group>"; };
		4599111122A2C93F003EBD21 /* APCProperty.h */ = {isa = PBXFileReference; fileEncoding = 4; lastKnownFileType = sourcecode.c.h; path = APCProperty.h; sourceTree = "<group>"; };
		4599111222A2C93F003EBD21 /* APCHookProperty.m */ = {isa = PBXFileReference; fileEncoding = 4; lastKnownFileType = sourcecode.c.objc; path = APCHookProperty.m; sourceTree = "<group>"; };
		4599111322A2C93F003EBD21 /* APCLazyProperty.h */ = {isa = PBXFileReference; fileEncoding = 4; lastKnownFileType = sourcecode.c.h; path = APCLazyProperty.h; sourceTree = "<group>"; };
		4599111422A2C93F003EBD21 /* APCTriggerGetterProperty.h */ = {isa = PBXFileReference; fileEncoding = 4; lastKnownFileType = sourcecode.c.h; path = APCTriggerGetterProperty.h; sourceTree = "<group>"; };
		4599111522A2C93F003EBD21 /* NSObject+APCTriggerTransaction.h */ = {isa = PBXFileReference; fileEncoding = 4; lastKnownFileType = sourcecode.c.h; path = "NSObject+APCTriggerTransaction.h"; sourceTree = "<group>"; };
		4599111622A2C93F003EBD21 /* NSObject+APCLazyLoad.m */ = {isa = PBXFileReference; fileEncoding = 4; lastKnownFileType = sourcecode.c.objc; path = "NSObject+APCLazyLoad.m"; sourceTree = "<group>"; };
		4599111722A2C93F003EBD21 /* AutoPropertyCocoa.h */ = {isa = PBXFileReference; fileEncoding = 4; lastKnownFileType = sourcecode.c.h; path = AutoPropertyCocoa.h; sourceTree = "<group>"; };
		4599111822A2C93F003EBD21 /* APCUserEnvironmentSupportObject.h */ = {isa = PBXFileReference; fileEncoding = 4; lastKnownFileType = sourcecode.c.h; path = APCUserEnvironmentSupportObject.h; sourceTree = "<group>"; };
		4599111922A2C93F003EBD21 /* APCRuntime.h */ = {isa = PBXFileReference; fileEncoding = 4; lastKnownFileType = sourcecode.c.h; path = APCRuntime.h; sourceTree = "<group>"; };
		4599111A22A2C93F003EBD21 /* APCTypeEncodings.h */ = {isa = PBXFileReference; fileEncoding = 4; lastKnownFileType = sourcecode.c.h; path = APCTypeEncodings.h; sourceTree = "<group>"; };
		4599111B22A2C93F003EBD21 /* APCBasicValueVersionScope.h */ = {isa = PBXFileReference; fileEncoding = 4; lastKnownFileType = sourcecode.c.h; path = APCBasicValueVersionScope.h; sourceTree = "<group>"; };
		4599111C22A2C93F003EBD21 /* APCScope.h */ = {isa = PBXFileReference; fileEncoding = 4; lastKnownFileType = sourcecode.c.h; path = APCScope.h; sourceTree = "<group>"; };
		4599111F22A2C93F003EBD21 /* APCClassInheritanceTree.m */ = {isa = PBXFileReference; fileEncoding = 4; lastKnownFileType = sourcecode.c.objc; path = APCClassInheritanceTree.m; sourceTree = "<group>"; };
		4599112022A2C93F003EBD21 /* APCClassInheritanceNode.m */ = {isa = PBXFileReference; fileEncoding = 4; lastKnownFileType = sourcecode.c.objc; path = APCClassInheritanceNode.m; sourceTree = "<group>"; };
		4599112122A2C93F003EBD21 /* APCObjectLock.h */ = {isa = PBXFileReference; fileEncoding = 4; lastKnownFileType = sourcecode.c.h; path = APCObjectLock.h; sourceTree = "<group>"; };
		4599112222A2C93F003EBD21 /* APCStringkeyString.m */ = {isa = PBXFileReference; fileEncoding = 4; lastKnownFileType = sourcecode.c.objc; path = APCStringkeyString.m; sourceTree = "<group>"; };
		4599112322A2C93F003EBD21 /* APCClassMapper.m */ = {isa = PBXFileReference; fileEncoding = 4; lastKnownFileType = sourcecode.c.objc; path = APCClassMapper.m; sourceTree = "<group>"; };
		4599112422A2C93F003EBD21 /* APCStringkey.h */ = {isa = PBXFileReference; fileEncoding = 4; lastKnownFileType = sourcecode.c.h; path = APCStringkey.h; sourceTree = "<group>"; };
		4599112622A2C93F003EBD21 /* APCMultipleStringkeyString.h */ = {isa = PBXFileReference; fileEncoding = 4; lastKnownFileType = sourcecode.c.h; path = APCMultipleStringkeyString.h; sourceTree = "<group>"; };
		4599112722A2C93F003EBD21 /* APCSingleStringkeyString.h */ = {isa = PBXFileReference; fileEncoding = 4; lastKnownFileType = sourcecode.c.h; path = APCSingleStringkeyString.h; sourceTree = "<group>"; };
		4599112822A2C93F003EBD21 /* APCMutableStringkeyString.h */ = {isa = PBXFileReference; fileEncoding = 4; lastKnownFileType = sourcecode.c.h; path = APCMutableStringkeyString.h; sourceTree = "<group>"; };
		4599112922A2C93F003EBD21 /* APCMultipleStringkeyString.m */ = {isa = PBXFileReference; fileEncoding = 4; lastKnownFileType = sourcecode.c.objc; path = APCMultipleStringkeyString.m; sourceTree = "<group>"; };
		4599112A22A2C93F003EBD21 /* APCMutableStringkeyString.m */ = {isa = PBXFileReference; fileEncoding = 4; lastKnownFileType = sourcecode.c.objc; path = APCMutableStringkeyString.m; sourceTree = "<group>"; };
		4599112B22A2C93F003EBD21 /* APCSingleStringkeyString.m */ = {isa = PBXFileReference; fileEncoding = 4; lastKnownFileType = sourcecode.c.objc; path = APCSingleStringkeyString.m; sourceTree = "<group>"; };
		4599112C22A2C93F003EBD21 /* APCStringStringDictionary.h */ = {isa = PBXFileReference; fileEncoding = 4; lastKnownFileType = sourcecode.c.h; path = APCStringStringDictionary.h; sourceTree = "<group>"; };
		4599112D22A2C93F003EBD21 /* APCProxyInstanceDisposer.h */ = {isa = PBXFileReference; fileEncoding = 4; lastKnownFileType = sourcecode.c.h; path = APCProxyInstanceDisposer.h; sourceTree = "<group>"; };
		4599112E22A2C93F003EBD21 /* APCObjectLock.mm */ = {isa = PBXFileReference; fileEncoding = 4; lastKnownFileType = sourcecode.cpp.objcpp; path = APCObjectLock.mm; sourceTree = "<group>"; };
		4599113122A2C93F003EBD21 /* APCClassInheritanceNode.h */ = {isa = PBXFileReference; fileEncoding = 4; lastKnownFileType = sourcecode.c.h; path = APCClassInheritanceNode.h; sourceTree = "<group>"; };
		4599113222A2C93F003EBD21 /* APCClassInheritanceTree.h */ = {isa = PBXFileReference; fileEncoding = 4; lastKnownFileType = sourcecode.c.h; path = APCClassInheritanceTree.h; sourceTree = "<group>"; };
		4599113322A2C93F003EBD21 /* APCClassMapper.h */ = {isa = PBXFileReference; fileEncoding = 4; lastKnownFileType = sourcecode.c.h; path = APCClassMapper.h; sourceTree = "<group>"; };
		4599113422A2C93F003EBD21 /* APCStringkey.m */ = {isa = PBXFileReference; fileEncoding = 4; lastKnownFileType = sourcecode.c.objc; path = APCStringkey.m; sourceTree = "<group>"; };
		4599113522A2C93F003EBD21 /* APCStringkeyString.h */ = {isa = PBXFileReference; fileEncoding = 4; lastKnownFileType = sourcecode.c.h; path = APCStringkeyString.h; sourceTree = "<group>"; };
		4599113722A2C93F003EBD21 /* APCProxyInstanceDisposer.m */ = {isa = PBXFileReference; fileEncoding = 4; lastKnownFileType = sourcecode.c.objc; path = APCProxyInstanceDisposer.m; sourceTree = "<group>"; };
		4599113822A2C93F003EBD21 /* APCStringStringDictionary.m */ = {isa = PBXFileReference; fileEncoding = 4; lastKnownFileType = sourcecode.c.objc; path = APCStringStringDictionary.m; sourceTree = "<group>"; };
		4599113922A2C93F003EBD21 /* APCRuntime.mm */ = {isa = PBXFileReference; fileEncoding = 4; lastKnownFileType = sourcecode.cpp.objcpp; path = APCRuntime.mm; sourceTree = "<group>"; };
		4599113A22A2C93F003EBD21 /* NSObject+APCLazyLoad.h */ = {isa = PBXFileReference; fileEncoding = 4; lastKnownFileType = sourcecode.c.h; path = "NSObject+APCLazyLoad.h"; sourceTree = "<group>"; };
		4599113B22A2C93F003EBD21 /* APCExtScope.h */ = {isa = PBXFileReference; fileEncoding = 4; lastKnownFileType = sourcecode.c.h; path = APCExtScope.h; sourceTree = "<group>"; };
		4599113C22A2C93F003EBD21 /* NSObject+APCTriggerTransaction.m */ = {isa = PBXFileReference; fileEncoding = 4; lastKnownFileType = sourcecode.c.objc; path = "NSObject+APCTriggerTransaction.m"; sourceTree = "<group>"; };
		4599113E22A2C93F003EBD21 /* APCMethodHook.h */ = {isa = PBXFileReference; fileEncoding = 4; lastKnownFileType = sourcecode.c.h; path = APCMethodHook.h; sourceTree = "<group>"; };
		4599113F22A2C93F003EBD21 /* APCPropertyHook.h */ = {isa = PBXFileReference; fileEncoding = 4; lastKnownFileType = sourcecode.c.h; path = APCPropertyHook.h; sourceTree = "<group>"; };
		4599114022A2C93F003EBD21 /* APCMethodHook.m */ = {isa = PBXFileReference; fileEncoding = 4; lastKnownFileType = sourcecode.c.objc; path = APCMethodHook.m; sourceTree = "<group>"; };
		4599114122A2C93F003EBD21 /* APCPropertyHook.m */ = {isa = PBXFileReference; fileEncoding = 4; lastKnownFileType = sourcecode.c.objc; path = APCPropertyHook.m; sourceTree = "<group>"; };
		4599114322A2C93F003EBD21 /* apc-objc-config.h */ = {isa = PBXFileReference; fileEncoding = 4; lastKnownFileType = sourcecode.c.h; path = "apc-objc-config.h"; sourceTree = "<group>"; };
		4599114422A2C93F003EBD21 /* apc-objc-extension.mm */ = {isa = PBXFileReference; fileEncoding = 4; lastKnownFileType = sourcecode.cpp.objcpp; path = "apc-objc-extension.mm"; sourceTree = "<group>"; };
		4599114622A2C93F003EBD21 /* apc-fishhook.c */ = {isa = PBXFileReference; fileEncoding = 4; lastKnownFileType = sourcecode.c.c; path = "apc-fishhook.c"; sourceTree = "<group>"; };
		4599114722A2C93F003EBD21 /* apc-fishhook.h */ = {isa = PBXFileReference; fileEncoding = 4; lastKnownFileType = sourcecode.c.h; path = "apc-fishhook.h"; sourceTree = "<group>"; };
		4599114822A2C93F003EBD21 /* apc-objc-runtimelock.h */ = {isa = PBXFileReference; fileEncoding = 4; lastKnownFileType = sourcecode.c.h; path = "apc-objc-runtimelock.h"; sourceTree = "<group>"; };
		4599114922A2C93F003EBD21 /* apc-objc-extension.h */ = {isa = PBXFileReference; fileEncoding = 4; lastKnownFileType = sourcecode.c.h; path = "apc-objc-extension.h"; sourceTree = "<group>"; };
		4599114A22A2C93F003EBD21 /* apc-objc-runtimelock.mm */ = {isa = PBXFileReference; fileEncoding = 4; lastKnownFileType = sourcecode.cpp.objcpp; path = "apc-objc-runtimelock.mm"; sourceTree = "<group>"; };
		4599114D22A2C93F003EBD21 /* APCMethod.h */ = {isa = PBXFileReference; fileEncoding = 4; lastKnownFileType = sourcecode.c.h; path = APCMethod.h; sourceTree = "<group>"; };
		4599114E22A2C93F003EBD21 /* APCMethod.m */ = {isa = PBXFileReference; fileEncoding = 4; lastKnownFileType = sourcecode.c.objc; path = APCMethod.m; sourceTree = "<group>"; };
		4599116E22A4CED3003EBD21 /* apc-objc-locker.h */ = {isa = PBXFileReference; lastKnownFileType = sourcecode.c.h; path = "apc-objc-locker.h"; sourceTree = "<group>"; };
		45B12F5B225B2AF3002D825E /* AutoPropertyCocoaiOS.app */ = {isa = PBXFileReference; explicitFileType = wrapper.application; includeInIndex = 0; path = AutoPropertyCocoaiOS.app; sourceTree = BUILT_PRODUCTS_DIR; };
		45B12F5E225B2AF3002D825E /* AppDelegate.h */ = {isa = PBXFileReference; lastKnownFileType = sourcecode.c.h; path = AppDelegate.h; sourceTree = "<group>"; };
		45B12F5F225B2AF3002D825E /* AppDelegate.m */ = {isa = PBXFileReference; lastKnownFileType = sourcecode.c.objc; path = AppDelegate.m; sourceTree = "<group>"; };
		45B12F61225B2AF3002D825E /* ViewController.h */ = {isa = PBXFileReference; lastKnownFileType = sourcecode.c.h; path = ViewController.h; sourceTree = "<group>"; };
		45B12F62225B2AF3002D825E /* ViewController.m */ = {isa = PBXFileReference; lastKnownFileType = sourcecode.c.objc; path = ViewController.m; sourceTree = "<group>"; };
		45B12F67225B2AF6002D825E /* Assets.xcassets */ = {isa = PBXFileReference; lastKnownFileType = folder.assetcatalog; path = Assets.xcassets; sourceTree = "<group>"; };
		45B12F6C225B2AF6002D825E /* Info.plist */ = {isa = PBXFileReference; lastKnownFileType = text.plist.xml; path = Info.plist; sourceTree = "<group>"; };
		45B12F6D225B2AF6002D825E /* main.m */ = {isa = PBXFileReference; lastKnownFileType = sourcecode.c.objc; path = main.m; sourceTree = "<group>"; };
		45B12F92225B2C5D002D825E /* Person.h */ = {isa = PBXFileReference; fileEncoding = 4; lastKnownFileType = sourcecode.c.h; path = Person.h; sourceTree = "<group>"; };
		45B12F93225B2C5D002D825E /* Man.m */ = {isa = PBXFileReference; fileEncoding = 4; lastKnownFileType = sourcecode.c.objc; path = Man.m; sourceTree = "<group>"; };
		45B12F94225B2C5D002D825E /* Man.h */ = {isa = PBXFileReference; fileEncoding = 4; lastKnownFileType = sourcecode.c.h; path = Man.h; sourceTree = "<group>"; };
		45B12F95225B2C5D002D825E /* Person.m */ = {isa = PBXFileReference; fileEncoding = 4; lastKnownFileType = sourcecode.c.objc; path = Person.m; sourceTree = "<group>"; };
		45B12FF3225B31D3002D825E /* APCTest.h */ = {isa = PBXFileReference; lastKnownFileType = sourcecode.c.h; path = APCTest.h; sourceTree = "<group>"; };
		45B12FF4225B31D3002D825E /* APCTest.m */ = {isa = PBXFileReference; lastKnownFileType = sourcecode.c.objc; path = APCTest.m; sourceTree = "<group>"; };
/* End PBXFileReference section */

/* Begin PBXFrameworksBuildPhase section */
		45B12F58225B2AF3002D825E /* Frameworks */ = {
			isa = PBXFrameworksBuildPhase;
			buildActionMask = 2147483647;
			files = (
			);
			runOnlyForDeploymentPostprocessing = 0;
		};
/* End PBXFrameworksBuildPhase section */

/* Begin PBXGroup section */
		4599110222A2C93F003EBD21 /* AutoPropertyCocoa */ = {
			isa = PBXGroup;
			children = (
				4599111722A2C93F003EBD21 /* AutoPropertyCocoa.h */,
				4599113B22A2C93F003EBD21 /* APCExtScope.h */,
				4599111922A2C93F003EBD21 /* APCRuntime.h */,
				4599113922A2C93F003EBD21 /* APCRuntime.mm */,
				4599111822A2C93F003EBD21 /* APCUserEnvironmentSupportObject.h */,
				4599110322A2C93F003EBD21 /* APCUserEnvironmentSupportObject.m */,
				4599113A22A2C93F003EBD21 /* NSObject+APCLazyLoad.h */,
				4599111622A2C93F003EBD21 /* NSObject+APCLazyLoad.m */,
				4599111522A2C93F003EBD21 /* NSObject+APCTriggerTransaction.h */,
				4599113C22A2C93F003EBD21 /* NSObject+APCTriggerTransaction.m */,
				4599116F22A507B2003EBD21 /* APCScope */,
				4599111D22A2C93F003EBD21 /* APCRuntimeObject */,
				4599110522A2C93F003EBD21 /* Category */,
				4599113D22A2C93F003EBD21 /* Hook */,
				4599114C22A2C93F003EBD21 /* Method */,
				4599110A22A2C93F003EBD21 /* Property */,
			);
			name = AutoPropertyCocoa;
			path = ../../AutoPropertyCocoa;
			sourceTree = "<group>";
		};
		4599110522A2C93F003EBD21 /* Category */ = {
			isa = PBXGroup;
			children = (
				4599110722A2C93F003EBD21 /* NSObject+APCExtension.h */,
				4599110922A2C93F003EBD21 /* NSObject+APCExtension.m */,
				4599110622A2C93F003EBD21 /* NSString+APCExtension.h */,
				4599110822A2C93F003EBD21 /* NSString+APCExtension.m */,
			);
			path = Category;
			sourceTree = "<group>";
		};
		4599110A22A2C93F003EBD21 /* Property */ = {
			isa = PBXGroup;
			children = (
				4599110F22A2C93F003EBD21 /* APCHookProperty.h */,
				4599111222A2C93F003EBD21 /* APCHookProperty.m */,
				4599111322A2C93F003EBD21 /* APCLazyProperty.h */,
				4599110E22A2C93F003EBD21 /* APCLazyProperty.m */,
				4599111122A2C93F003EBD21 /* APCProperty.h */,
				4599110C22A2C93F003EBD21 /* APCProperty.m */,
				4599111422A2C93F003EBD21 /* APCTriggerGetterProperty.h */,
				4599110D22A2C93F003EBD21 /* APCTriggerGetterProperty.m */,
				4599110B22A2C93F003EBD21 /* APCTriggerSetterProperty.h */,
				4599111022A2C93F003EBD21 /* APCTriggerSetterProperty.m */,
			);
			path = Property;
			sourceTree = "<group>";
		};
		4599111D22A2C93F003EBD21 /* APCRuntimeObject */ = {
			isa = PBXGroup;
			children = (
				4599113122A2C93F003EBD21 /* APCClassInheritanceNode.h */,
				4599112022A2C93F003EBD21 /* APCClassInheritanceNode.m */,
				4599113222A2C93F003EBD21 /* APCClassInheritanceTree.h */,
				4599111F22A2C93F003EBD21 /* APCClassInheritanceTree.m */,
				4599113322A2C93F003EBD21 /* APCClassMapper.h */,
				4599112322A2C93F003EBD21 /* APCClassMapper.m */,
				4599112122A2C93F003EBD21 /* APCObjectLock.h */,
				4599112E22A2C93F003EBD21 /* APCObjectLock.mm */,
				4599112D22A2C93F003EBD21 /* APCProxyInstanceDisposer.h */,
				4599113722A2C93F003EBD21 /* APCProxyInstanceDisposer.m */,
				4599112422A2C93F003EBD21 /* APCStringkey.h */,
				4599113422A2C93F003EBD21 /* APCStringkey.m */,
				4599113522A2C93F003EBD21 /* APCStringkeyString.h */,
				4599112222A2C93F003EBD21 /* APCStringkeyString.m */,
				4599112C22A2C93F003EBD21 /* APCStringStringDictionary.h */,
				4599113822A2C93F003EBD21 /* APCStringStringDictionary.m */,
				4599112522A2C93F003EBD21 /* APCStringkeyStringCluster */,
			);
			path = APCRuntimeObject;
			sourceTree = "<group>";
		};
		4599112522A2C93F003EBD21 /* APCStringkeyStringCluster */ = {
			isa = PBXGroup;
			children = (
				4599112622A2C93F003EBD21 /* APCMultipleStringkeyString.h */,
				4599112922A2C93F003EBD21 /* APCMultipleStringkeyString.m */,
				4599112822A2C93F003EBD21 /* APCMutableStringkeyString.h */,
				4599112A22A2C93F003EBD21 /* APCMutableStringkeyString.m */,
				4599112722A2C93F003EBD21 /* APCSingleStringkeyString.h */,
				4599112B22A2C93F003EBD21 /* APCSingleStringkeyString.m */,
			);
			path = APCStringkeyStringCluster;
			sourceTree = "<group>";
		};
		4599113D22A2C93F003EBD21 /* Hook */ = {
			isa = PBXGroup;
			children = (
				4599113E22A2C93F003EBD21 /* APCMethodHook.h */,
				4599114022A2C93F003EBD21 /* APCMethodHook.m */,
				4599113F22A2C93F003EBD21 /* APCPropertyHook.h */,
				4599114122A2C93F003EBD21 /* APCPropertyHook.m */,
				4599114222A2C93F003EBD21 /* apc-objc-runtime */,
			);
			path = Hook;
			sourceTree = "<group>";
		};
		4599114222A2C93F003EBD21 /* apc-objc-runtime */ = {
			isa = PBXGroup;
			children = (
				4599114522A2C93F003EBD21 /* apc-fishhook */,
				4599114322A2C93F003EBD21 /* apc-objc-config.h */,
				4599114922A2C93F003EBD21 /* apc-objc-extension.h */,
				4599114422A2C93F003EBD21 /* apc-objc-extension.mm */,
				4599116E22A4CED3003EBD21 /* apc-objc-locker.h */,
				4599114822A2C93F003EBD21 /* apc-objc-runtimelock.h */,
				4599114A22A2C93F003EBD21 /* apc-objc-runtimelock.mm */,
			);
			path = "apc-objc-runtime";
			sourceTree = "<group>";
		};
		4599114522A2C93F003EBD21 /* apc-fishhook */ = {
			isa = PBXGroup;
			children = (
				4599114722A2C93F003EBD21 /* apc-fishhook.h */,
				4599114622A2C93F003EBD21 /* apc-fishhook.c */,
			);
			path = "apc-fishhook";
			sourceTree = "<group>";
		};
		4599114C22A2C93F003EBD21 /* Method */ = {
			isa = PBXGroup;
			children = (
				4599114D22A2C93F003EBD21 /* APCMethod.h */,
				4599114E22A2C93F003EBD21 /* APCMethod.m */,
			);
			path = Method;
			sourceTree = "<group>";
		};
		4599116F22A507B2003EBD21 /* APCScope */ = {
			isa = PBXGroup;
			children = (
				4599111B22A2C93F003EBD21 /* APCBasicValueVersionScope.h */,
				4599111C22A2C93F003EBD21 /* APCScope.h */,
				4599110422A2C93F003EBD21 /* APCScope.m */,
				4599111A22A2C93F003EBD21 /* APCTypeEncodings.h */,
			);
			path = APCScope;
			sourceTree = "<group>";
		};
		45B12F52225B2AF3002D825E = {
			isa = PBXGroup;
			children = (
				45B12F5D225B2AF3002D825E /* AutoPropertyCocoaiOS */,
				45B12F5C225B2AF3002D825E /* Products */,
			);
			sourceTree = "<group>";
		};
		45B12F5C225B2AF3002D825E /* Products */ = {
			isa = PBXGroup;
			children = (
				45B12F5B225B2AF3002D825E /* AutoPropertyCocoaiOS.app */,
			);
			name = Products;
			sourceTree = "<group>";
		};
		45B12F5D225B2AF3002D825E /* AutoPropertyCocoaiOS */ = {
			isa = PBXGroup;
			children = (
				4599110222A2C93F003EBD21 /* AutoPropertyCocoa */,
				45B12F91225B2C5D002D825E /* TestClass */,
				45B12F6D225B2AF6002D825E /* main.m */,
				45B12F5E225B2AF3002D825E /* AppDelegate.h */,
				45B12F5F225B2AF3002D825E /* AppDelegate.m */,
				45B12F61225B2AF3002D825E /* ViewController.h */,
				45B12F62225B2AF3002D825E /* ViewController.m */,
				45B12F6C225B2AF6002D825E /* Info.plist */,
				45B12F67225B2AF6002D825E /* Assets.xcassets */,
			);
			path = AutoPropertyCocoaiOS;
			sourceTree = "<group>";
		};
		45B12F91225B2C5D002D825E /* TestClass */ = {
			isa = PBXGroup;
			children = (
				45B12FF3225B31D3002D825E /* APCTest.h */,
				45B12FF4225B31D3002D825E /* APCTest.m */,
				45B12F92225B2C5D002D825E /* Person.h */,
				45B12F95225B2C5D002D825E /* Person.m */,
				45B12F94225B2C5D002D825E /* Man.h */,
				45B12F93225B2C5D002D825E /* Man.m */,
				456FC46F225DBFBE006CD604 /* Superman.h */,
				456FC470225DBFBF006CD604 /* Superman.m */,
			);
			name = TestClass;
			path = ../../TestClass;
			sourceTree = "<group>";
		};
/* End PBXGroup section */

/* Begin PBXNativeTarget section */
		45B12F5A225B2AF3002D825E /* AutoPropertyCocoaiOS */ = {
			isa = PBXNativeTarget;
			buildConfigurationList = 45B12F71225B2AF6002D825E /* Build configuration list for PBXNativeTarget "AutoPropertyCocoaiOS" */;
			buildPhases = (
				45B12F57225B2AF3002D825E /* Sources */,
				45B12F58225B2AF3002D825E /* Frameworks */,
				45B12F59225B2AF3002D825E /* Resources */,
			);
			buildRules = (
			);
			dependencies = (
			);
			name = AutoPropertyCocoaiOS;
			productName = AutoPropertyCocoaiOS;
			productReference = 45B12F5B225B2AF3002D825E /* AutoPropertyCocoaiOS.app */;
			productType = "com.apple.product-type.application";
		};
/* End PBXNativeTarget section */

/* Begin PBXProject section */
		45B12F53225B2AF3002D825E /* Project object */ = {
			isa = PBXProject;
			attributes = {
				LastUpgradeCheck = 1020;
				ORGANIZATIONNAME = Novo;
				TargetAttributes = {
					45B12F5A225B2AF3002D825E = {
						CreatedOnToolsVersion = 10.2;
					};
				};
			};
			buildConfigurationList = 45B12F56225B2AF3002D825E /* Build configuration list for PBXProject "AutoPropertyCocoaiOS" */;
			compatibilityVersion = "Xcode 9.3";
			developmentRegion = en;
			hasScannedForEncodings = 0;
			knownRegions = (
				en,
				Base,
			);
			mainGroup = 45B12F52225B2AF3002D825E;
			productRefGroup = 45B12F5C225B2AF3002D825E /* Products */;
			projectDirPath = "";
			projectRoot = "";
			targets = (
				45B12F5A225B2AF3002D825E /* AutoPropertyCocoaiOS */,
			);
		};
/* End PBXProject section */

/* Begin PBXResourcesBuildPhase section */
		45B12F59225B2AF3002D825E /* Resources */ = {
			isa = PBXResourcesBuildPhase;
			buildActionMask = 2147483647;
			files = (
				45B12F68225B2AF6002D825E /* Assets.xcassets in Resources */,
			);
			runOnlyForDeploymentPostprocessing = 0;
		};
/* End PBXResourcesBuildPhase section */

/* Begin PBXSourcesBuildPhase section */
		45B12F57225B2AF3002D825E /* Sources */ = {
			isa = PBXSourcesBuildPhase;
			buildActionMask = 2147483647;
			files = (
				4599116422A2C940003EBD21 /* APCProxyInstanceDisposer.m in Sources */,
				4599115D22A2C940003EBD21 /* APCMultipleStringkeyString.m in Sources */,
				4599115022A2C940003EBD21 /* APCScope.m in Sources */,
				4599115F22A2C940003EBD21 /* APCSingleStringkeyString.m in Sources */,
				4599115822A2C940003EBD21 /* NSObject+APCLazyLoad.m in Sources */,
				4599114F22A2C940003EBD21 /* APCUserEnvironmentSupportObject.m in Sources */,
				4599116822A2C940003EBD21 /* APCMethodHook.m in Sources */,
				4599116622A2C940003EBD21 /* APCRuntime.mm in Sources */,
				4599116922A2C940003EBD21 /* APCPropertyHook.m in Sources */,
				4599115222A2C940003EBD21 /* NSObject+APCExtension.m in Sources */,
				4599116722A2C940003EBD21 /* NSObject+APCTriggerTransaction.m in Sources */,
				4599115E22A2C940003EBD21 /* APCMutableStringkeyString.m in Sources */,
				45B12FF5225B31D3002D825E /* APCTest.m in Sources */,
				4599116D22A2C940003EBD21 /* APCMethod.m in Sources */,
				4599115A22A2C940003EBD21 /* APCClassInheritanceNode.m in Sources */,
				4599115422A2C940003EBD21 /* APCTriggerGetterProperty.m in Sources */,
				4599115622A2C940003EBD21 /* APCTriggerSetterProperty.m in Sources */,
				4599115722A2C940003EBD21 /* APCHookProperty.m in Sources */,
				45B12FB2225B2C5D002D825E /* Man.m in Sources */,
				4599115B22A2C940003EBD21 /* APCStringkeyString.m in Sources */,
				4599115C22A2C940003EBD21 /* APCClassMapper.m in Sources */,
				45B12F63225B2AF3002D825E /* ViewController.m in Sources */,
				4599115922A2C940003EBD21 /* APCClassInheritanceTree.m in Sources */,
				45B12FB3225B2C5D002D825E /* Person.m in Sources */,
				4599115122A2C940003EBD21 /* NSString+APCExtension.m in Sources */,
				4599115522A2C940003EBD21 /* APCLazyProperty.m in Sources */,
				4599116C22A2C940003EBD21 /* apc-objc-runtimelock.mm in Sources */,
				4599116B22A2C940003EBD21 /* apc-fishhook.c in Sources */,
				4599116022A2C940003EBD21 /* APCObjectLock.mm in Sources */,
				456FC471225DBFBF006CD604 /* Superman.m in Sources */,
				4599115322A2C940003EBD21 /* APCProperty.m in Sources */,
				4599116A22A2C940003EBD21 /* apc-objc-extension.mm in Sources */,
				4599116522A2C940003EBD21 /* APCStringStringDictionary.m in Sources */,
				45B12F6E225B2AF6002D825E /* main.m in Sources */,
				4599116222A2C940003EBD21 /* APCStringkey.m in Sources */,
				45B12F60225B2AF3002D825E /* AppDelegate.m in Sources */,
			);
			runOnlyForDeploymentPostprocessing = 0;
		};
/* End PBXSourcesBuildPhase section */

/* Begin XCBuildConfiguration section */
		45B12F6F225B2AF6002D825E /* Debug */ = {
			isa = XCBuildConfiguration;
			buildSettings = {
				ALWAYS_SEARCH_USER_PATHS = NO;
				CLANG_ANALYZER_NONNULL = YES;
				CLANG_ANALYZER_NUMBER_OBJECT_CONVERSION = YES_AGGRESSIVE;
				CLANG_CXX_LANGUAGE_STANDARD = "gnu++14";
				CLANG_CXX_LIBRARY = "libc++";
				CLANG_ENABLE_MODULES = YES;
				CLANG_ENABLE_OBJC_ARC = YES;
				CLANG_ENABLE_OBJC_WEAK = YES;
				CLANG_WARN_BLOCK_CAPTURE_AUTORELEASING = YES;
				CLANG_WARN_BOOL_CONVERSION = YES;
				CLANG_WARN_COMMA = YES;
				CLANG_WARN_CONSTANT_CONVERSION = YES;
				CLANG_WARN_DEPRECATED_OBJC_IMPLEMENTATIONS = YES;
				CLANG_WARN_DIRECT_OBJC_ISA_USAGE = YES_ERROR;
				CLANG_WARN_DOCUMENTATION_COMMENTS = YES;
				CLANG_WARN_EMPTY_BODY = YES;
				CLANG_WARN_ENUM_CONVERSION = YES;
				CLANG_WARN_INFINITE_RECURSION = YES;
				CLANG_WARN_INT_CONVERSION = YES;
				CLANG_WARN_NON_LITERAL_NULL_CONVERSION = YES;
				CLANG_WARN_OBJC_IMPLICIT_RETAIN_SELF = YES;
				CLANG_WARN_OBJC_LITERAL_CONVERSION = YES;
				CLANG_WARN_OBJC_ROOT_CLASS = YES_ERROR;
				CLANG_WARN_RANGE_LOOP_ANALYSIS = YES;
				CLANG_WARN_STRICT_PROTOTYPES = YES;
				CLANG_WARN_SUSPICIOUS_MOVE = YES;
				CLANG_WARN_UNGUARDED_AVAILABILITY = YES_AGGRESSIVE;
				CLANG_WARN_UNREACHABLE_CODE = YES;
				CLANG_WARN__DUPLICATE_METHOD_MATCH = YES;
				CODE_SIGN_IDENTITY = "iPhone Developer";
				COPY_PHASE_STRIP = NO;
				DEBUG_INFORMATION_FORMAT = dwarf;
				ENABLE_STRICT_OBJC_MSGSEND = YES;
				ENABLE_TESTABILITY = YES;
				GCC_C_LANGUAGE_STANDARD = gnu11;
				GCC_DYNAMIC_NO_PIC = NO;
				GCC_NO_COMMON_BLOCKS = YES;
				GCC_OPTIMIZATION_LEVEL = 0;
				GCC_PREPROCESSOR_DEFINITIONS = (
					"DEBUG=1",
					"$(inherited)",
				);
				GCC_WARN_64_TO_32_BIT_CONVERSION = YES;
				GCC_WARN_ABOUT_RETURN_TYPE = YES_ERROR;
				GCC_WARN_UNDECLARED_SELECTOR = YES;
				GCC_WARN_UNINITIALIZED_AUTOS = YES_AGGRESSIVE;
				GCC_WARN_UNUSED_FUNCTION = YES;
				GCC_WARN_UNUSED_VARIABLE = YES;
				IPHONEOS_DEPLOYMENT_TARGET = 10.0;
				MTL_ENABLE_DEBUG_INFO = INCLUDE_SOURCE;
				MTL_FAST_MATH = YES;
				ONLY_ACTIVE_ARCH = YES;
				SDKROOT = iphoneos;
			};
			name = Debug;
		};
		45B12F70225B2AF6002D825E /* Release */ = {
			isa = XCBuildConfiguration;
			buildSettings = {
				ALWAYS_SEARCH_USER_PATHS = NO;
				CLANG_ANALYZER_NONNULL = YES;
				CLANG_ANALYZER_NUMBER_OBJECT_CONVERSION = YES_AGGRESSIVE;
				CLANG_CXX_LANGUAGE_STANDARD = "gnu++14";
				CLANG_CXX_LIBRARY = "libc++";
				CLANG_ENABLE_MODULES = YES;
				CLANG_ENABLE_OBJC_ARC = YES;
				CLANG_ENABLE_OBJC_WEAK = YES;
				CLANG_WARN_BLOCK_CAPTURE_AUTORELEASING = YES;
				CLANG_WARN_BOOL_CONVERSION = YES;
				CLANG_WARN_COMMA = YES;
				CLANG_WARN_CONSTANT_CONVERSION = YES;
				CLANG_WARN_DEPRECATED_OBJC_IMPLEMENTATIONS = YES;
				CLANG_WARN_DIRECT_OBJC_ISA_USAGE = YES_ERROR;
				CLANG_WARN_DOCUMENTATION_COMMENTS = YES;
				CLANG_WARN_EMPTY_BODY = YES;
				CLANG_WARN_ENUM_CONVERSION = YES;
				CLANG_WARN_INFINITE_RECURSION = YES;
				CLANG_WARN_INT_CONVERSION = YES;
				CLANG_WARN_NON_LITERAL_NULL_CONVERSION = YES;
				CLANG_WARN_OBJC_IMPLICIT_RETAIN_SELF = YES;
				CLANG_WARN_OBJC_LITERAL_CONVERSION = YES;
				CLANG_WARN_OBJC_ROOT_CLASS = YES_ERROR;
				CLANG_WARN_RANGE_LOOP_ANALYSIS = YES;
				CLANG_WARN_STRICT_PROTOTYPES = YES;
				CLANG_WARN_SUSPICIOUS_MOVE = YES;
				CLANG_WARN_UNGUARDED_AVAILABILITY = YES_AGGRESSIVE;
				CLANG_WARN_UNREACHABLE_CODE = YES;
				CLANG_WARN__DUPLICATE_METHOD_MATCH = YES;
				CODE_SIGN_IDENTITY = "iPhone Developer";
				COPY_PHASE_STRIP = NO;
				DEBUG_INFORMATION_FORMAT = "dwarf-with-dsym";
				ENABLE_NS_ASSERTIONS = NO;
				ENABLE_STRICT_OBJC_MSGSEND = YES;
				GCC_C_LANGUAGE_STANDARD = gnu11;
				GCC_NO_COMMON_BLOCKS = YES;
				GCC_WARN_64_TO_32_BIT_CONVERSION = YES;
				GCC_WARN_ABOUT_RETURN_TYPE = YES_ERROR;
				GCC_WARN_UNDECLARED_SELECTOR = YES;
				GCC_WARN_UNINITIALIZED_AUTOS = YES_AGGRESSIVE;
				GCC_WARN_UNUSED_FUNCTION = YES;
				GCC_WARN_UNUSED_VARIABLE = YES;
				IPHONEOS_DEPLOYMENT_TARGET = 10.0;
				MTL_ENABLE_DEBUG_INFO = NO;
				MTL_FAST_MATH = YES;
				SDKROOT = iphoneos;
				VALIDATE_PRODUCT = YES;
			};
			name = Release;
		};
		45B12F72225B2AF6002D825E /* Debug */ = {
			isa = XCBuildConfiguration;
			buildSettings = {
				ASSETCATALOG_COMPILER_APPICON_NAME = AppIcon;
				CODE_SIGN_STYLE = Automatic;
				DEVELOPMENT_TEAM = "";
				INFOPLIST_FILE = AutoPropertyCocoaiOS/Info.plist;
				IPHONEOS_DEPLOYMENT_TARGET = 8.0;
				LD_RUNPATH_SEARCH_PATHS = (
					"$(inherited)",
					"@executable_path/Frameworks",
				);
				PRODUCT_BUNDLE_IDENTIFIER = Novo.AutoPropertyCocoaiOS;
				PRODUCT_NAME = "$(TARGET_NAME)";
				TARGETED_DEVICE_FAMILY = "1,2";
			};
			name = Debug;
		};
		45B12F73225B2AF6002D825E /* Release */ = {
			isa = XCBuildConfiguration;
			buildSettings = {
				ASSETCATALOG_COMPILER_APPICON_NAME = AppIcon;
				CODE_SIGN_STYLE = Automatic;
				DEVELOPMENT_TEAM = "";
				INFOPLIST_FILE = AutoPropertyCocoaiOS/Info.plist;
				IPHONEOS_DEPLOYMENT_TARGET = 8.0;
				LD_RUNPATH_SEARCH_PATHS = (
					"$(inherited)",
					"@executable_path/Frameworks",
				);
				PRODUCT_BUNDLE_IDENTIFIER = Novo.AutoPropertyCocoaiOS;
				PRODUCT_NAME = "$(TARGET_NAME)";
				TARGETED_DEVICE_FAMILY = "1,2";
			};
			name = Release;
		};
/* End XCBuildConfiguration section */

/* Begin XCConfigurationList section */
		45B12F56225B2AF3002D825E /* Build configuration list for PBXProject "AutoPropertyCocoaiOS" */ = {
			isa = XCConfigurationList;
			buildConfigurations = (
				45B12F6F225B2AF6002D825E /* Debug */,
				45B12F70225B2AF6002D825E /* Release */,
			);
			defaultConfigurationIsVisible = 0;
			defaultConfigurationName = Release;
		};
		45B12F71225B2AF6002D825E /* Build configuration list for PBXNativeTarget "AutoPropertyCocoaiOS" */ = {
			isa = XCConfigurationList;
			buildConfigurations = (
				45B12F72225B2AF6002D825E /* Debug */,
				45B12F73225B2AF6002D825E /* Release */,
			);
			defaultConfigurationIsVisible = 0;
			defaultConfigurationName = Release;
		};
/* End XCConfigurationList section */
	};
	rootObject = 45B12F53225B2AF3002D825E /* Project object */;
}
